
Microsoft Visual Studio Solution File, Format Version 12.00
# Visual Studio 14
VisualStudioVersion = 14.0.25420.1
MinimumVisualStudioVersion = 10.0.40219.1
Project("{8BC9CEB8-8B4A-11D0-8D11-00A0C91BC942}") = "mupdfwinrt", "mupdfwinrt\mupdfwinrt.vcxproj", "{9E6AB41D-09A7-45A6-A53B-1E4BF3AC5B33}"
	ProjectSection(ProjectDependencies) = postProject
		{52DCAB29-C8EE-4422-954C-29AFA6B33E22} = {52DCAB29-C8EE-4422-954C-29AFA6B33E22}
		{2081E165-62AD-4273-B34F-53729E0C6B95} = {2081E165-62AD-4273-B34F-53729E0C6B95}
		{A5053AA7-02E5-4903-B596-04F17AEB1526} = {A5053AA7-02E5-4903-B596-04F17AEB1526}
		{7E8660FE-1909-473F-9439-5EFDBA46FBA8} = {7E8660FE-1909-473F-9439-5EFDBA46FBA8}
	EndProjectSection
EndProject
Project("{8BC9CEB8-8B4A-11D0-8D11-00A0C91BC942}") = "generated", "submodules\mupdf\platform\win32\generated.vcxproj", "{A5053AA7-02E5-4903-B596-04F17AEB1526}"
EndProject
Project("{8BC9CEB8-8B4A-11D0-8D11-00A0C91BC942}") = "libmupdf_winrt", "submodules\mupdf\platform\win32\libmupdf_winrt.vcxproj", "{7E8660FE-1909-473F-9439-5EFDBA46FBA8}"
EndProject
Project("{8BC9CEB8-8B4A-11D0-8D11-00A0C91BC942}") = "libthirdparty_winrt", "submodules\mupdf\platform\win32\libthirdparty_winrt.vcxproj", "{2081E165-62AD-4273-B34F-53729E0C6B95}"
	ProjectSection(ProjectDependencies) = postProject
		{52DCAB29-C8EE-4422-954C-29AFA6B33E22} = {52DCAB29-C8EE-4422-954C-29AFA6B33E22}
		{A5053AA7-02E5-4903-B596-04F17AEB1526} = {A5053AA7-02E5-4903-B596-04F17AEB1526}
	EndProjectSection
EndProject
Project("{8BC9CEB8-8B4A-11D0-8D11-00A0C91BC942}") = "libfonts_winrt", "submodules\mupdf\platform\win32\libfonts_winrt.vcxproj", "{52DCAB29-C8EE-4422-954C-29AFA6B33E22}"
EndProject
Project("{8BC9CEB8-8B4A-11D0-8D11-00A0C91BC942}") = "mupdfwinrt_app", "mupdfwinrt_app\mupdfwinrt_app.vcxproj", "{0204A4E7-F1B8-4268-A67C-A2C674B4742D}"
EndProject
Global
	GlobalSection(SolutionConfigurationPlatforms) = preSolution
		CD_ROM|Any CPU = CD_ROM|Any CPU
		CD_ROM|ARM = CD_ROM|ARM
		CD_ROM|Mixed Platforms = CD_ROM|Mixed Platforms
		CD_ROM|Win32 = CD_ROM|Win32
		CD_ROM|x64 = CD_ROM|x64
		CD_ROM|x86 = CD_ROM|x86
		Debug|Any CPU = Debug|Any CPU
		Debug|ARM = Debug|ARM
		Debug|Mixed Platforms = Debug|Mixed Platforms
		Debug|Win32 = Debug|Win32
		Debug|x64 = Debug|x64
		Debug|x86 = Debug|x86
		Debug-contrib|Any CPU = Debug-contrib|Any CPU
		Debug-contrib|ARM = Debug-contrib|ARM
		Debug-contrib|Mixed Platforms = Debug-contrib|Mixed Platforms
		Debug-contrib|Win32 = Debug-contrib|Win32
		Debug-contrib|x64 = Debug-contrib|x64
		Debug-contrib|x86 = Debug-contrib|x86
		Debug-cups|Any CPU = Debug-cups|Any CPU
		Debug-cups|ARM = Debug-cups|ARM
		Debug-cups|Mixed Platforms = Debug-cups|Mixed Platforms
		Debug-cups|Win32 = Debug-cups|Win32
		Debug-cups|x64 = Debug-cups|x64
		Debug-cups|x86 = Debug-cups|x86
		DebugOpenssl|Any CPU = DebugOpenssl|Any CPU
		DebugOpenssl|ARM = DebugOpenssl|ARM
		DebugOpenssl|Mixed Platforms = DebugOpenssl|Mixed Platforms
		DebugOpenssl|Win32 = DebugOpenssl|Win32
		DebugOpenssl|x64 = DebugOpenssl|x64
		DebugOpenssl|x86 = DebugOpenssl|x86
		DVD-5|Any CPU = DVD-5|Any CPU
		DVD-5|ARM = DVD-5|ARM
		DVD-5|Mixed Platforms = DVD-5|Mixed Platforms
		DVD-5|Win32 = DVD-5|Win32
		DVD-5|x64 = DVD-5|x64
		DVD-5|x86 = DVD-5|x86
		Memento|Any CPU = Memento|Any CPU
		Memento|ARM = Memento|ARM
		Memento|Mixed Platforms = Memento|Mixed Platforms
		Memento|Win32 = Memento|Win32
		Memento|x64 = Memento|x64
		Memento|x86 = Memento|x86
		Profile|Any CPU = Profile|Any CPU
		Profile|ARM = Profile|ARM
		Profile|Mixed Platforms = Profile|Mixed Platforms
		Profile|Win32 = Profile|Win32
		Profile|x64 = Profile|x64
		Profile|x86 = Profile|x86
		Release|Any CPU = Release|Any CPU
		Release|ARM = Release|ARM
		Release|Mixed Platforms = Release|Mixed Platforms
		Release|Win32 = Release|Win32
		Release|x64 = Release|x64
		Release|x86 = Release|x86
		Release-contrib|Any CPU = Release-contrib|Any CPU
		Release-contrib|ARM = Release-contrib|ARM
		Release-contrib|Mixed Platforms = Release-contrib|Mixed Platforms
		Release-contrib|Win32 = Release-contrib|Win32
		Release-contrib|x64 = Release-contrib|x64
		Release-contrib|x86 = Release-contrib|x86
		ReleaseOpenssl|Any CPU = ReleaseOpenssl|Any CPU
		ReleaseOpenssl|ARM = ReleaseOpenssl|ARM
		ReleaseOpenssl|Mixed Platforms = ReleaseOpenssl|Mixed Platforms
		ReleaseOpenssl|Win32 = ReleaseOpenssl|Win32
		ReleaseOpenssl|x64 = ReleaseOpenssl|x64
		ReleaseOpenssl|x86 = ReleaseOpenssl|x86
		SingleImage|Any CPU = SingleImage|Any CPU
		SingleImage|ARM = SingleImage|ARM
		SingleImage|Mixed Platforms = SingleImage|Mixed Platforms
		SingleImage|Win32 = SingleImage|Win32
		SingleImage|x64 = SingleImage|x64
		SingleImage|x86 = SingleImage|x86
	EndGlobalSection
	GlobalSection(ProjectConfigurationPlatforms) = postSolution
		{9E6AB41D-09A7-45A6-A53B-1E4BF3AC5B33}.CD_ROM|Any CPU.ActiveCfg = Release|Win32
		{9E6AB41D-09A7-45A6-A53B-1E4BF3AC5B33}.CD_ROM|ARM.ActiveCfg = Release|ARM
		{9E6AB41D-09A7-45A6-A53B-1E4BF3AC5B33}.CD_ROM|ARM.Build.0 = Release|ARM
		{9E6AB41D-09A7-45A6-A53B-1E4BF3AC5B33}.CD_ROM|Mixed Platforms.ActiveCfg = Release|Win32
		{9E6AB41D-09A7-45A6-A53B-1E4BF3AC5B33}.CD_ROM|Mixed Platforms.Build.0 = Release|Win32
		{9E6AB41D-09A7-45A6-A53B-1E4BF3AC5B33}.CD_ROM|Win32.ActiveCfg = Release|Win32
		{9E6AB41D-09A7-45A6-A53B-1E4BF3AC5B33}.CD_ROM|Win32.Build.0 = Release|Win32
		{9E6AB41D-09A7-45A6-A53B-1E4BF3AC5B33}.CD_ROM|x64.ActiveCfg = Release|x64
		{9E6AB41D-09A7-45A6-A53B-1E4BF3AC5B33}.CD_ROM|x64.Build.0 = Release|x64
		{9E6AB41D-09A7-45A6-A53B-1E4BF3AC5B33}.CD_ROM|x86.ActiveCfg = Release|Win32
		{9E6AB41D-09A7-45A6-A53B-1E4BF3AC5B33}.CD_ROM|x86.Build.0 = Release|Win32
		{9E6AB41D-09A7-45A6-A53B-1E4BF3AC5B33}.Debug|Any CPU.ActiveCfg = Debug|Win32
		{9E6AB41D-09A7-45A6-A53B-1E4BF3AC5B33}.Debug|ARM.ActiveCfg = Debug|ARM
		{9E6AB41D-09A7-45A6-A53B-1E4BF3AC5B33}.Debug|ARM.Build.0 = Debug|ARM
		{9E6AB41D-09A7-45A6-A53B-1E4BF3AC5B33}.Debug|Mixed Platforms.ActiveCfg = Debug|Win32
		{9E6AB41D-09A7-45A6-A53B-1E4BF3AC5B33}.Debug|Mixed Platforms.Build.0 = Debug|Win32
		{9E6AB41D-09A7-45A6-A53B-1E4BF3AC5B33}.Debug|Win32.ActiveCfg = Debug|Win32
		{9E6AB41D-09A7-45A6-A53B-1E4BF3AC5B33}.Debug|Win32.Build.0 = Debug|Win32
		{9E6AB41D-09A7-45A6-A53B-1E4BF3AC5B33}.Debug|x64.ActiveCfg = Debug|x64
		{9E6AB41D-09A7-45A6-A53B-1E4BF3AC5B33}.Debug|x64.Build.0 = Debug|x64
		{9E6AB41D-09A7-45A6-A53B-1E4BF3AC5B33}.Debug|x86.ActiveCfg = Debug|Win32
		{9E6AB41D-09A7-45A6-A53B-1E4BF3AC5B33}.Debug|x86.Build.0 = Debug|Win32
		{9E6AB41D-09A7-45A6-A53B-1E4BF3AC5B33}.Debug-contrib|Any CPU.ActiveCfg = Debug|Win32
		{9E6AB41D-09A7-45A6-A53B-1E4BF3AC5B33}.Debug-contrib|ARM.ActiveCfg = Debug|ARM
		{9E6AB41D-09A7-45A6-A53B-1E4BF3AC5B33}.Debug-contrib|ARM.Build.0 = Debug|ARM
		{9E6AB41D-09A7-45A6-A53B-1E4BF3AC5B33}.Debug-contrib|Mixed Platforms.ActiveCfg = Debug|Win32
		{9E6AB41D-09A7-45A6-A53B-1E4BF3AC5B33}.Debug-contrib|Mixed Platforms.Build.0 = Debug|Win32
		{9E6AB41D-09A7-45A6-A53B-1E4BF3AC5B33}.Debug-contrib|Win32.ActiveCfg = Debug|Win32
		{9E6AB41D-09A7-45A6-A53B-1E4BF3AC5B33}.Debug-contrib|Win32.Build.0 = Debug|Win32
		{9E6AB41D-09A7-45A6-A53B-1E4BF3AC5B33}.Debug-contrib|x64.ActiveCfg = Debug|x64
		{9E6AB41D-09A7-45A6-A53B-1E4BF3AC5B33}.Debug-contrib|x64.Build.0 = Debug|x64
		{9E6AB41D-09A7-45A6-A53B-1E4BF3AC5B33}.Debug-contrib|x86.ActiveCfg = Debug|Win32
		{9E6AB41D-09A7-45A6-A53B-1E4BF3AC5B33}.Debug-contrib|x86.Build.0 = Debug|Win32
		{9E6AB41D-09A7-45A6-A53B-1E4BF3AC5B33}.Debug-cups|Any CPU.ActiveCfg = Debug|Win32
		{9E6AB41D-09A7-45A6-A53B-1E4BF3AC5B33}.Debug-cups|ARM.ActiveCfg = Debug|ARM
		{9E6AB41D-09A7-45A6-A53B-1E4BF3AC5B33}.Debug-cups|ARM.Build.0 = Debug|ARM
		{9E6AB41D-09A7-45A6-A53B-1E4BF3AC5B33}.Debug-cups|Mixed Platforms.ActiveCfg = Debug|Win32
		{9E6AB41D-09A7-45A6-A53B-1E4BF3AC5B33}.Debug-cups|Mixed Platforms.Build.0 = Debug|Win32
		{9E6AB41D-09A7-45A6-A53B-1E4BF3AC5B33}.Debug-cups|Win32.ActiveCfg = Debug|Win32
		{9E6AB41D-09A7-45A6-A53B-1E4BF3AC5B33}.Debug-cups|Win32.Build.0 = Debug|Win32
		{9E6AB41D-09A7-45A6-A53B-1E4BF3AC5B33}.Debug-cups|x64.ActiveCfg = Debug|x64
		{9E6AB41D-09A7-45A6-A53B-1E4BF3AC5B33}.Debug-cups|x64.Build.0 = Debug|x64
		{9E6AB41D-09A7-45A6-A53B-1E4BF3AC5B33}.Debug-cups|x86.ActiveCfg = Debug|Win32
		{9E6AB41D-09A7-45A6-A53B-1E4BF3AC5B33}.Debug-cups|x86.Build.0 = Debug|Win32
		{9E6AB41D-09A7-45A6-A53B-1E4BF3AC5B33}.DebugOpenssl|Any CPU.ActiveCfg = Debug|Win32
		{9E6AB41D-09A7-45A6-A53B-1E4BF3AC5B33}.DebugOpenssl|ARM.ActiveCfg = Debug|ARM
		{9E6AB41D-09A7-45A6-A53B-1E4BF3AC5B33}.DebugOpenssl|ARM.Build.0 = Debug|ARM
		{9E6AB41D-09A7-45A6-A53B-1E4BF3AC5B33}.DebugOpenssl|Mixed Platforms.ActiveCfg = Debug|Win32
		{9E6AB41D-09A7-45A6-A53B-1E4BF3AC5B33}.DebugOpenssl|Mixed Platforms.Build.0 = Debug|Win32
		{9E6AB41D-09A7-45A6-A53B-1E4BF3AC5B33}.DebugOpenssl|Win32.ActiveCfg = Debug|Win32
		{9E6AB41D-09A7-45A6-A53B-1E4BF3AC5B33}.DebugOpenssl|Win32.Build.0 = Debug|Win32
		{9E6AB41D-09A7-45A6-A53B-1E4BF3AC5B33}.DebugOpenssl|x64.ActiveCfg = Debug|x64
		{9E6AB41D-09A7-45A6-A53B-1E4BF3AC5B33}.DebugOpenssl|x64.Build.0 = Debug|x64
		{9E6AB41D-09A7-45A6-A53B-1E4BF3AC5B33}.DebugOpenssl|x86.ActiveCfg = Debug|Win32
		{9E6AB41D-09A7-45A6-A53B-1E4BF3AC5B33}.DebugOpenssl|x86.Build.0 = Debug|Win32
		{9E6AB41D-09A7-45A6-A53B-1E4BF3AC5B33}.DVD-5|Any CPU.ActiveCfg = Debug|Win32
		{9E6AB41D-09A7-45A6-A53B-1E4BF3AC5B33}.DVD-5|ARM.ActiveCfg = Debug|ARM
		{9E6AB41D-09A7-45A6-A53B-1E4BF3AC5B33}.DVD-5|ARM.Build.0 = Debug|ARM
		{9E6AB41D-09A7-45A6-A53B-1E4BF3AC5B33}.DVD-5|Mixed Platforms.ActiveCfg = Debug|Win32
		{9E6AB41D-09A7-45A6-A53B-1E4BF3AC5B33}.DVD-5|Mixed Platforms.Build.0 = Debug|Win32
		{9E6AB41D-09A7-45A6-A53B-1E4BF3AC5B33}.DVD-5|Win32.ActiveCfg = Debug|Win32
		{9E6AB41D-09A7-45A6-A53B-1E4BF3AC5B33}.DVD-5|Win32.Build.0 = Debug|Win32
		{9E6AB41D-09A7-45A6-A53B-1E4BF3AC5B33}.DVD-5|x64.ActiveCfg = Debug|x64
		{9E6AB41D-09A7-45A6-A53B-1E4BF3AC5B33}.DVD-5|x64.Build.0 = Debug|x64
		{9E6AB41D-09A7-45A6-A53B-1E4BF3AC5B33}.DVD-5|x86.ActiveCfg = Debug|Win32
		{9E6AB41D-09A7-45A6-A53B-1E4BF3AC5B33}.DVD-5|x86.Build.0 = Debug|Win32
		{9E6AB41D-09A7-45A6-A53B-1E4BF3AC5B33}.Memento|Any CPU.ActiveCfg = Release|Win32
		{9E6AB41D-09A7-45A6-A53B-1E4BF3AC5B33}.Memento|ARM.ActiveCfg = Release|ARM
		{9E6AB41D-09A7-45A6-A53B-1E4BF3AC5B33}.Memento|ARM.Build.0 = Release|ARM
		{9E6AB41D-09A7-45A6-A53B-1E4BF3AC5B33}.Memento|Mixed Platforms.ActiveCfg = Release|Win32
		{9E6AB41D-09A7-45A6-A53B-1E4BF3AC5B33}.Memento|Mixed Platforms.Build.0 = Release|Win32
		{9E6AB41D-09A7-45A6-A53B-1E4BF3AC5B33}.Memento|Win32.ActiveCfg = Release|Win32
		{9E6AB41D-09A7-45A6-A53B-1E4BF3AC5B33}.Memento|Win32.Build.0 = Release|Win32
		{9E6AB41D-09A7-45A6-A53B-1E4BF3AC5B33}.Memento|x64.ActiveCfg = Release|x64
		{9E6AB41D-09A7-45A6-A53B-1E4BF3AC5B33}.Memento|x64.Build.0 = Release|x64
		{9E6AB41D-09A7-45A6-A53B-1E4BF3AC5B33}.Memento|x86.ActiveCfg = Release|Win32
		{9E6AB41D-09A7-45A6-A53B-1E4BF3AC5B33}.Memento|x86.Build.0 = Release|Win32
		{9E6AB41D-09A7-45A6-A53B-1E4BF3AC5B33}.Profile|Any CPU.ActiveCfg = Release|Win32
		{9E6AB41D-09A7-45A6-A53B-1E4BF3AC5B33}.Profile|ARM.ActiveCfg = Release|ARM
		{9E6AB41D-09A7-45A6-A53B-1E4BF3AC5B33}.Profile|ARM.Build.0 = Release|ARM
		{9E6AB41D-09A7-45A6-A53B-1E4BF3AC5B33}.Profile|Mixed Platforms.ActiveCfg = Release|Win32
		{9E6AB41D-09A7-45A6-A53B-1E4BF3AC5B33}.Profile|Mixed Platforms.Build.0 = Release|Win32
		{9E6AB41D-09A7-45A6-A53B-1E4BF3AC5B33}.Profile|Win32.ActiveCfg = Release|Win32
		{9E6AB41D-09A7-45A6-A53B-1E4BF3AC5B33}.Profile|Win32.Build.0 = Release|Win32
		{9E6AB41D-09A7-45A6-A53B-1E4BF3AC5B33}.Profile|x64.ActiveCfg = Release|x64
		{9E6AB41D-09A7-45A6-A53B-1E4BF3AC5B33}.Profile|x64.Build.0 = Release|x64
		{9E6AB41D-09A7-45A6-A53B-1E4BF3AC5B33}.Profile|x86.ActiveCfg = Release|Win32
		{9E6AB41D-09A7-45A6-A53B-1E4BF3AC5B33}.Profile|x86.Build.0 = Release|Win32
		{9E6AB41D-09A7-45A6-A53B-1E4BF3AC5B33}.Release|Any CPU.ActiveCfg = Release|Win32
		{9E6AB41D-09A7-45A6-A53B-1E4BF3AC5B33}.Release|ARM.ActiveCfg = Release|ARM
		{9E6AB41D-09A7-45A6-A53B-1E4BF3AC5B33}.Release|ARM.Build.0 = Release|ARM
		{9E6AB41D-09A7-45A6-A53B-1E4BF3AC5B33}.Release|Mixed Platforms.ActiveCfg = Release|Win32
		{9E6AB41D-09A7-45A6-A53B-1E4BF3AC5B33}.Release|Mixed Platforms.Build.0 = Release|Win32
		{9E6AB41D-09A7-45A6-A53B-1E4BF3AC5B33}.Release|Win32.ActiveCfg = Release|Win32
		{9E6AB41D-09A7-45A6-A53B-1E4BF3AC5B33}.Release|Win32.Build.0 = Release|Win32
		{9E6AB41D-09A7-45A6-A53B-1E4BF3AC5B33}.Release|x64.ActiveCfg = Release|x64
		{9E6AB41D-09A7-45A6-A53B-1E4BF3AC5B33}.Release|x64.Build.0 = Release|x64
		{9E6AB41D-09A7-45A6-A53B-1E4BF3AC5B33}.Release|x86.ActiveCfg = Release|Win32
		{9E6AB41D-09A7-45A6-A53B-1E4BF3AC5B33}.Release|x86.Build.0 = Release|Win32
		{9E6AB41D-09A7-45A6-A53B-1E4BF3AC5B33}.Release-contrib|Any CPU.ActiveCfg = Release|Win32
		{9E6AB41D-09A7-45A6-A53B-1E4BF3AC5B33}.Release-contrib|ARM.ActiveCfg = Release|ARM
		{9E6AB41D-09A7-45A6-A53B-1E4BF3AC5B33}.Release-contrib|ARM.Build.0 = Release|ARM
		{9E6AB41D-09A7-45A6-A53B-1E4BF3AC5B33}.Release-contrib|Mixed Platforms.ActiveCfg = Release|Win32
		{9E6AB41D-09A7-45A6-A53B-1E4BF3AC5B33}.Release-contrib|Mixed Platforms.Build.0 = Release|Win32
		{9E6AB41D-09A7-45A6-A53B-1E4BF3AC5B33}.Release-contrib|Win32.ActiveCfg = Release|Win32
		{9E6AB41D-09A7-45A6-A53B-1E4BF3AC5B33}.Release-contrib|Win32.Build.0 = Release|Win32
		{9E6AB41D-09A7-45A6-A53B-1E4BF3AC5B33}.Release-contrib|x64.ActiveCfg = Release|x64
		{9E6AB41D-09A7-45A6-A53B-1E4BF3AC5B33}.Release-contrib|x64.Build.0 = Release|x64
		{9E6AB41D-09A7-45A6-A53B-1E4BF3AC5B33}.Release-contrib|x86.ActiveCfg = Release|Win32
		{9E6AB41D-09A7-45A6-A53B-1E4BF3AC5B33}.Release-contrib|x86.Build.0 = Release|Win32
		{9E6AB41D-09A7-45A6-A53B-1E4BF3AC5B33}.ReleaseOpenssl|Any CPU.ActiveCfg = Release|Win32
		{9E6AB41D-09A7-45A6-A53B-1E4BF3AC5B33}.ReleaseOpenssl|ARM.ActiveCfg = Release|ARM
		{9E6AB41D-09A7-45A6-A53B-1E4BF3AC5B33}.ReleaseOpenssl|ARM.Build.0 = Release|ARM
		{9E6AB41D-09A7-45A6-A53B-1E4BF3AC5B33}.ReleaseOpenssl|Mixed Platforms.ActiveCfg = Release|Win32
		{9E6AB41D-09A7-45A6-A53B-1E4BF3AC5B33}.ReleaseOpenssl|Mixed Platforms.Build.0 = Release|Win32
		{9E6AB41D-09A7-45A6-A53B-1E4BF3AC5B33}.ReleaseOpenssl|Win32.ActiveCfg = Release|Win32
		{9E6AB41D-09A7-45A6-A53B-1E4BF3AC5B33}.ReleaseOpenssl|Win32.Build.0 = Release|Win32
		{9E6AB41D-09A7-45A6-A53B-1E4BF3AC5B33}.ReleaseOpenssl|x64.ActiveCfg = Release|x64
		{9E6AB41D-09A7-45A6-A53B-1E4BF3AC5B33}.ReleaseOpenssl|x64.Build.0 = Release|x64
		{9E6AB41D-09A7-45A6-A53B-1E4BF3AC5B33}.ReleaseOpenssl|x86.ActiveCfg = Release|Win32
		{9E6AB41D-09A7-45A6-A53B-1E4BF3AC5B33}.ReleaseOpenssl|x86.Build.0 = Release|Win32
		{9E6AB41D-09A7-45A6-A53B-1E4BF3AC5B33}.SingleImage|Any CPU.ActiveCfg = Release|Win32
		{9E6AB41D-09A7-45A6-A53B-1E4BF3AC5B33}.SingleImage|ARM.ActiveCfg = Release|ARM
		{9E6AB41D-09A7-45A6-A53B-1E4BF3AC5B33}.SingleImage|ARM.Build.0 = Release|ARM
		{9E6AB41D-09A7-45A6-A53B-1E4BF3AC5B33}.SingleImage|Mixed Platforms.ActiveCfg = Release|Win32
		{9E6AB41D-09A7-45A6-A53B-1E4BF3AC5B33}.SingleImage|Mixed Platforms.Build.0 = Release|Win32
		{9E6AB41D-09A7-45A6-A53B-1E4BF3AC5B33}.SingleImage|Win32.ActiveCfg = Release|Win32
		{9E6AB41D-09A7-45A6-A53B-1E4BF3AC5B33}.SingleImage|Win32.Build.0 = Release|Win32
		{9E6AB41D-09A7-45A6-A53B-1E4BF3AC5B33}.SingleImage|x64.ActiveCfg = Release|x64
		{9E6AB41D-09A7-45A6-A53B-1E4BF3AC5B33}.SingleImage|x64.Build.0 = Release|x64
		{9E6AB41D-09A7-45A6-A53B-1E4BF3AC5B33}.SingleImage|x86.ActiveCfg = Release|Win32
		{9E6AB41D-09A7-45A6-A53B-1E4BF3AC5B33}.SingleImage|x86.Build.0 = Release|Win32
		{A5053AA7-02E5-4903-B596-04F17AEB1526}.CD_ROM|Any CPU.ActiveCfg = Debug|Win32
		{A5053AA7-02E5-4903-B596-04F17AEB1526}.CD_ROM|Any CPU.Build.0 = Debug|Win32
		{A5053AA7-02E5-4903-B596-04F17AEB1526}.CD_ROM|ARM.ActiveCfg = Debug|Win32
		{A5053AA7-02E5-4903-B596-04F17AEB1526}.CD_ROM|ARM.Build.0 = Debug|Win32
		{A5053AA7-02E5-4903-B596-04F17AEB1526}.CD_ROM|Mixed Platforms.ActiveCfg = Debug|Win32
		{A5053AA7-02E5-4903-B596-04F17AEB1526}.CD_ROM|Mixed Platforms.Build.0 = Debug|Win32
		{A5053AA7-02E5-4903-B596-04F17AEB1526}.CD_ROM|Win32.ActiveCfg = Debug|Win32
		{A5053AA7-02E5-4903-B596-04F17AEB1526}.CD_ROM|Win32.Build.0 = Debug|Win32
		{A5053AA7-02E5-4903-B596-04F17AEB1526}.CD_ROM|x64.ActiveCfg = Debug|Win32
		{A5053AA7-02E5-4903-B596-04F17AEB1526}.CD_ROM|x64.Build.0 = Debug|Win32
		{A5053AA7-02E5-4903-B596-04F17AEB1526}.CD_ROM|x86.ActiveCfg = Debug|Win32
		{A5053AA7-02E5-4903-B596-04F17AEB1526}.CD_ROM|x86.Build.0 = Debug|Win32
		{A5053AA7-02E5-4903-B596-04F17AEB1526}.Debug|Any CPU.ActiveCfg = Debug|Win32
		{A5053AA7-02E5-4903-B596-04F17AEB1526}.Debug|ARM.ActiveCfg = Debug|Win32
		{A5053AA7-02E5-4903-B596-04F17AEB1526}.Debug|Mixed Platforms.ActiveCfg = Debug|Win32
		{A5053AA7-02E5-4903-B596-04F17AEB1526}.Debug|Mixed Platforms.Build.0 = Debug|Win32
		{A5053AA7-02E5-4903-B596-04F17AEB1526}.Debug|Win32.ActiveCfg = Debug|Win32
		{A5053AA7-02E5-4903-B596-04F17AEB1526}.Debug|Win32.Build.0 = Debug|Win32
		{A5053AA7-02E5-4903-B596-04F17AEB1526}.Debug|x64.ActiveCfg = Debug|Win32
		{A5053AA7-02E5-4903-B596-04F17AEB1526}.Debug|x86.ActiveCfg = Debug|Win32
		{A5053AA7-02E5-4903-B596-04F17AEB1526}.Debug|x86.Build.0 = Debug|Win32
		{A5053AA7-02E5-4903-B596-04F17AEB1526}.Debug-contrib|Any CPU.ActiveCfg = Debug|Win32
		{A5053AA7-02E5-4903-B596-04F17AEB1526}.Debug-contrib|ARM.ActiveCfg = Debug|Win32
		{A5053AA7-02E5-4903-B596-04F17AEB1526}.Debug-contrib|Mixed Platforms.ActiveCfg = Debug|Win32
		{A5053AA7-02E5-4903-B596-04F17AEB1526}.Debug-contrib|Mixed Platforms.Build.0 = Debug|Win32
		{A5053AA7-02E5-4903-B596-04F17AEB1526}.Debug-contrib|Win32.ActiveCfg = Debug|Win32
		{A5053AA7-02E5-4903-B596-04F17AEB1526}.Debug-contrib|Win32.Build.0 = Debug|Win32
		{A5053AA7-02E5-4903-B596-04F17AEB1526}.Debug-contrib|x64.ActiveCfg = Debug|Win32
		{A5053AA7-02E5-4903-B596-04F17AEB1526}.Debug-contrib|x64.Build.0 = Debug|Win32
		{A5053AA7-02E5-4903-B596-04F17AEB1526}.Debug-contrib|x86.ActiveCfg = Debug|Win32
		{A5053AA7-02E5-4903-B596-04F17AEB1526}.Debug-contrib|x86.Build.0 = Debug|Win32
		{A5053AA7-02E5-4903-B596-04F17AEB1526}.Debug-cups|Any CPU.ActiveCfg = Debug|Win32
		{A5053AA7-02E5-4903-B596-04F17AEB1526}.Debug-cups|ARM.ActiveCfg = Debug|Win32
		{A5053AA7-02E5-4903-B596-04F17AEB1526}.Debug-cups|Mixed Platforms.ActiveCfg = Debug|Win32
		{A5053AA7-02E5-4903-B596-04F17AEB1526}.Debug-cups|Mixed Platforms.Build.0 = Debug|Win32
		{A5053AA7-02E5-4903-B596-04F17AEB1526}.Debug-cups|Win32.ActiveCfg = Debug|Win32
		{A5053AA7-02E5-4903-B596-04F17AEB1526}.Debug-cups|Win32.Build.0 = Debug|Win32
		{A5053AA7-02E5-4903-B596-04F17AEB1526}.Debug-cups|x64.ActiveCfg = Debug|Win32
		{A5053AA7-02E5-4903-B596-04F17AEB1526}.Debug-cups|x64.Build.0 = Debug|Win32
		{A5053AA7-02E5-4903-B596-04F17AEB1526}.Debug-cups|x86.ActiveCfg = Debug|Win32
		{A5053AA7-02E5-4903-B596-04F17AEB1526}.Debug-cups|x86.Build.0 = Debug|Win32
		{A5053AA7-02E5-4903-B596-04F17AEB1526}.DebugOpenssl|Any CPU.ActiveCfg = Debug|Win32
		{A5053AA7-02E5-4903-B596-04F17AEB1526}.DebugOpenssl|ARM.ActiveCfg = Debug|Win32
		{A5053AA7-02E5-4903-B596-04F17AEB1526}.DebugOpenssl|Mixed Platforms.ActiveCfg = Debug|Win32
		{A5053AA7-02E5-4903-B596-04F17AEB1526}.DebugOpenssl|Mixed Platforms.Build.0 = Debug|Win32
		{A5053AA7-02E5-4903-B596-04F17AEB1526}.DebugOpenssl|Win32.ActiveCfg = Debug|Win32
		{A5053AA7-02E5-4903-B596-04F17AEB1526}.DebugOpenssl|Win32.Build.0 = Debug|Win32
		{A5053AA7-02E5-4903-B596-04F17AEB1526}.DebugOpenssl|x64.ActiveCfg = Debug|Win32
		{A5053AA7-02E5-4903-B596-04F17AEB1526}.DebugOpenssl|x64.Build.0 = Debug|Win32
		{A5053AA7-02E5-4903-B596-04F17AEB1526}.DebugOpenssl|x86.ActiveCfg = Debug|Win32
		{A5053AA7-02E5-4903-B596-04F17AEB1526}.DebugOpenssl|x86.Build.0 = Debug|Win32
		{A5053AA7-02E5-4903-B596-04F17AEB1526}.DVD-5|Any CPU.ActiveCfg = Debug|Win32
		{A5053AA7-02E5-4903-B596-04F17AEB1526}.DVD-5|ARM.ActiveCfg = Debug|Win32
		{A5053AA7-02E5-4903-B596-04F17AEB1526}.DVD-5|Mixed Platforms.ActiveCfg = Debug|Win32
		{A5053AA7-02E5-4903-B596-04F17AEB1526}.DVD-5|Mixed Platforms.Build.0 = Debug|Win32
		{A5053AA7-02E5-4903-B596-04F17AEB1526}.DVD-5|Win32.ActiveCfg = Debug|Win32
		{A5053AA7-02E5-4903-B596-04F17AEB1526}.DVD-5|Win32.Build.0 = Debug|Win32
		{A5053AA7-02E5-4903-B596-04F17AEB1526}.DVD-5|x64.ActiveCfg = Debug|Win32
		{A5053AA7-02E5-4903-B596-04F17AEB1526}.DVD-5|x64.Build.0 = Debug|Win32
		{A5053AA7-02E5-4903-B596-04F17AEB1526}.DVD-5|x86.ActiveCfg = Debug|Win32
		{A5053AA7-02E5-4903-B596-04F17AEB1526}.DVD-5|x86.Build.0 = Debug|Win32
		{A5053AA7-02E5-4903-B596-04F17AEB1526}.Memento|Any CPU.ActiveCfg = Debug|Win32
		{A5053AA7-02E5-4903-B596-04F17AEB1526}.Memento|Any CPU.Build.0 = Debug|Win32
		{A5053AA7-02E5-4903-B596-04F17AEB1526}.Memento|ARM.ActiveCfg = Debug|Win32
		{A5053AA7-02E5-4903-B596-04F17AEB1526}.Memento|ARM.Build.0 = Debug|Win32
		{A5053AA7-02E5-4903-B596-04F17AEB1526}.Memento|Mixed Platforms.ActiveCfg = Debug|Win32
		{A5053AA7-02E5-4903-B596-04F17AEB1526}.Memento|Mixed Platforms.Build.0 = Debug|Win32
		{A5053AA7-02E5-4903-B596-04F17AEB1526}.Memento|Win32.ActiveCfg = Debug|Win32
		{A5053AA7-02E5-4903-B596-04F17AEB1526}.Memento|Win32.Build.0 = Debug|Win32
		{A5053AA7-02E5-4903-B596-04F17AEB1526}.Memento|x64.ActiveCfg = Debug|Win32
		{A5053AA7-02E5-4903-B596-04F17AEB1526}.Memento|x64.Build.0 = Debug|Win32
		{A5053AA7-02E5-4903-B596-04F17AEB1526}.Memento|x86.ActiveCfg = Debug|Win32
		{A5053AA7-02E5-4903-B596-04F17AEB1526}.Memento|x86.Build.0 = Debug|Win32
		{A5053AA7-02E5-4903-B596-04F17AEB1526}.Profile|Any CPU.ActiveCfg = Debug|Win32
		{A5053AA7-02E5-4903-B596-04F17AEB1526}.Profile|Any CPU.Build.0 = Debug|Win32
		{A5053AA7-02E5-4903-B596-04F17AEB1526}.Profile|ARM.ActiveCfg = Debug|Win32
		{A5053AA7-02E5-4903-B596-04F17AEB1526}.Profile|ARM.Build.0 = Debug|Win32
		{A5053AA7-02E5-4903-B596-04F17AEB1526}.Profile|Mixed Platforms.ActiveCfg = Debug|Win32
		{A5053AA7-02E5-4903-B596-04F17AEB1526}.Profile|Mixed Platforms.Build.0 = Debug|Win32
		{A5053AA7-02E5-4903-B596-04F17AEB1526}.Profile|Win32.ActiveCfg = Debug|Win32
		{A5053AA7-02E5-4903-B596-04F17AEB1526}.Profile|Win32.Build.0 = Debug|Win32
		{A5053AA7-02E5-4903-B596-04F17AEB1526}.Profile|x64.ActiveCfg = Debug|Win32
		{A5053AA7-02E5-4903-B596-04F17AEB1526}.Profile|x64.Build.0 = Debug|Win32
		{A5053AA7-02E5-4903-B596-04F17AEB1526}.Profile|x86.ActiveCfg = Debug|Win32
		{A5053AA7-02E5-4903-B596-04F17AEB1526}.Profile|x86.Build.0 = Debug|Win32
		{A5053AA7-02E5-4903-B596-04F17AEB1526}.Release|Any CPU.ActiveCfg = Debug|Win32
		{A5053AA7-02E5-4903-B596-04F17AEB1526}.Release|Any CPU.Build.0 = Debug|Win32
		{A5053AA7-02E5-4903-B596-04F17AEB1526}.Release|ARM.ActiveCfg = Debug|Win32
		{A5053AA7-02E5-4903-B596-04F17AEB1526}.Release|ARM.Build.0 = Debug|Win32
		{A5053AA7-02E5-4903-B596-04F17AEB1526}.Release|Mixed Platforms.ActiveCfg = Debug|Win32
		{A5053AA7-02E5-4903-B596-04F17AEB1526}.Release|Mixed Platforms.Build.0 = Debug|Win32
		{A5053AA7-02E5-4903-B596-04F17AEB1526}.Release|Win32.ActiveCfg = Debug|Win32
		{A5053AA7-02E5-4903-B596-04F17AEB1526}.Release|Win32.Build.0 = Debug|Win32
		{A5053AA7-02E5-4903-B596-04F17AEB1526}.Release|x64.ActiveCfg = Debug|Win32
		{A5053AA7-02E5-4903-B596-04F17AEB1526}.Release|x64.Build.0 = Debug|Win32
		{A5053AA7-02E5-4903-B596-04F17AEB1526}.Release|x86.ActiveCfg = Debug|Win32
		{A5053AA7-02E5-4903-B596-04F17AEB1526}.Release|x86.Build.0 = Debug|Win32
		{A5053AA7-02E5-4903-B596-04F17AEB1526}.Release-contrib|Any CPU.ActiveCfg = Debug|Win32
		{A5053AA7-02E5-4903-B596-04F17AEB1526}.Release-contrib|Any CPU.Build.0 = Debug|Win32
		{A5053AA7-02E5-4903-B596-04F17AEB1526}.Release-contrib|ARM.ActiveCfg = Debug|Win32
		{A5053AA7-02E5-4903-B596-04F17AEB1526}.Release-contrib|ARM.Build.0 = Debug|Win32
		{A5053AA7-02E5-4903-B596-04F17AEB1526}.Release-contrib|Mixed Platforms.ActiveCfg = Debug|Win32
		{A5053AA7-02E5-4903-B596-04F17AEB1526}.Release-contrib|Mixed Platforms.Build.0 = Debug|Win32
		{A5053AA7-02E5-4903-B596-04F17AEB1526}.Release-contrib|Win32.ActiveCfg = Debug|Win32
		{A5053AA7-02E5-4903-B596-04F17AEB1526}.Release-contrib|Win32.Build.0 = Debug|Win32
		{A5053AA7-02E5-4903-B596-04F17AEB1526}.Release-contrib|x64.ActiveCfg = Debug|Win32
		{A5053AA7-02E5-4903-B596-04F17AEB1526}.Release-contrib|x64.Build.0 = Debug|Win32
		{A5053AA7-02E5-4903-B596-04F17AEB1526}.Release-contrib|x86.ActiveCfg = Debug|Win32
		{A5053AA7-02E5-4903-B596-04F17AEB1526}.Release-contrib|x86.Build.0 = Debug|Win32
		{A5053AA7-02E5-4903-B596-04F17AEB1526}.ReleaseOpenssl|Any CPU.ActiveCfg = Debug|Win32
		{A5053AA7-02E5-4903-B596-04F17AEB1526}.ReleaseOpenssl|Any CPU.Build.0 = Debug|Win32
		{A5053AA7-02E5-4903-B596-04F17AEB1526}.ReleaseOpenssl|ARM.ActiveCfg = Debug|Win32
		{A5053AA7-02E5-4903-B596-04F17AEB1526}.ReleaseOpenssl|ARM.Build.0 = Debug|Win32
		{A5053AA7-02E5-4903-B596-04F17AEB1526}.ReleaseOpenssl|Mixed Platforms.ActiveCfg = Debug|Win32
		{A5053AA7-02E5-4903-B596-04F17AEB1526}.ReleaseOpenssl|Mixed Platforms.Build.0 = Debug|Win32
		{A5053AA7-02E5-4903-B596-04F17AEB1526}.ReleaseOpenssl|Win32.ActiveCfg = Debug|Win32
		{A5053AA7-02E5-4903-B596-04F17AEB1526}.ReleaseOpenssl|Win32.Build.0 = Debug|Win32
		{A5053AA7-02E5-4903-B596-04F17AEB1526}.ReleaseOpenssl|x64.ActiveCfg = Debug|Win32
		{A5053AA7-02E5-4903-B596-04F17AEB1526}.ReleaseOpenssl|x64.Build.0 = Debug|Win32
		{A5053AA7-02E5-4903-B596-04F17AEB1526}.ReleaseOpenssl|x86.ActiveCfg = Debug|Win32
		{A5053AA7-02E5-4903-B596-04F17AEB1526}.ReleaseOpenssl|x86.Build.0 = Debug|Win32
		{A5053AA7-02E5-4903-B596-04F17AEB1526}.SingleImage|Any CPU.ActiveCfg = Debug|Win32
		{A5053AA7-02E5-4903-B596-04F17AEB1526}.SingleImage|Any CPU.Build.0 = Debug|Win32
		{A5053AA7-02E5-4903-B596-04F17AEB1526}.SingleImage|ARM.ActiveCfg = Debug|Win32
		{A5053AA7-02E5-4903-B596-04F17AEB1526}.SingleImage|ARM.Build.0 = Debug|Win32
		{A5053AA7-02E5-4903-B596-04F17AEB1526}.SingleImage|Mixed Platforms.ActiveCfg = Debug|Win32
		{A5053AA7-02E5-4903-B596-04F17AEB1526}.SingleImage|Mixed Platforms.Build.0 = Debug|Win32
		{A5053AA7-02E5-4903-B596-04F17AEB1526}.SingleImage|Win32.ActiveCfg = Debug|Win32
		{A5053AA7-02E5-4903-B596-04F17AEB1526}.SingleImage|Win32.Build.0 = Debug|Win32
		{A5053AA7-02E5-4903-B596-04F17AEB1526}.SingleImage|x64.ActiveCfg = Debug|Win32
		{A5053AA7-02E5-4903-B596-04F17AEB1526}.SingleImage|x64.Build.0 = Debug|Win32
		{A5053AA7-02E5-4903-B596-04F17AEB1526}.SingleImage|x86.ActiveCfg = Debug|Win32
		{A5053AA7-02E5-4903-B596-04F17AEB1526}.SingleImage|x86.Build.0 = Debug|Win32
		{7E8660FE-1909-473F-9439-5EFDBA46FBA8}.CD_ROM|Any CPU.ActiveCfg = Release|Win32
		{7E8660FE-1909-473F-9439-5EFDBA46FBA8}.CD_ROM|ARM.ActiveCfg = Release|Win32
		{7E8660FE-1909-473F-9439-5EFDBA46FBA8}.CD_ROM|Mixed Platforms.ActiveCfg = Release|Win32
		{7E8660FE-1909-473F-9439-5EFDBA46FBA8}.CD_ROM|Mixed Platforms.Build.0 = Release|Win32
		{7E8660FE-1909-473F-9439-5EFDBA46FBA8}.CD_ROM|Win32.ActiveCfg = Release|Win32
		{7E8660FE-1909-473F-9439-5EFDBA46FBA8}.CD_ROM|Win32.Build.0 = Release|Win32
		{7E8660FE-1909-473F-9439-5EFDBA46FBA8}.CD_ROM|x64.ActiveCfg = Release|x64
		{7E8660FE-1909-473F-9439-5EFDBA46FBA8}.CD_ROM|x64.Build.0 = Release|x64
		{7E8660FE-1909-473F-9439-5EFDBA46FBA8}.CD_ROM|x86.ActiveCfg = Release|Win32
		{7E8660FE-1909-473F-9439-5EFDBA46FBA8}.CD_ROM|x86.Build.0 = Release|Win32
		{7E8660FE-1909-473F-9439-5EFDBA46FBA8}.Debug|Any CPU.ActiveCfg = Debug|Win32
		{7E8660FE-1909-473F-9439-5EFDBA46FBA8}.Debug|ARM.ActiveCfg = Debug|ARM
		{7E8660FE-1909-473F-9439-5EFDBA46FBA8}.Debug|Mixed Platforms.ActiveCfg = Debug|Win32
		{7E8660FE-1909-473F-9439-5EFDBA46FBA8}.Debug|Mixed Platforms.Build.0 = Debug|Win32
		{7E8660FE-1909-473F-9439-5EFDBA46FBA8}.Debug|Win32.ActiveCfg = Debug|Win32
		{7E8660FE-1909-473F-9439-5EFDBA46FBA8}.Debug|Win32.Build.0 = Debug|Win32
		{7E8660FE-1909-473F-9439-5EFDBA46FBA8}.Debug|x64.ActiveCfg = Debug|x64
		{7E8660FE-1909-473F-9439-5EFDBA46FBA8}.Debug|x64.Build.0 = Debug|x64
		{7E8660FE-1909-473F-9439-5EFDBA46FBA8}.Debug|x86.ActiveCfg = Debug|Win32
		{7E8660FE-1909-473F-9439-5EFDBA46FBA8}.Debug|x86.Build.0 = Debug|Win32
		{7E8660FE-1909-473F-9439-5EFDBA46FBA8}.Debug-contrib|Any CPU.ActiveCfg = Debug|Win32
		{7E8660FE-1909-473F-9439-5EFDBA46FBA8}.Debug-contrib|ARM.ActiveCfg = Debug|Win32
		{7E8660FE-1909-473F-9439-5EFDBA46FBA8}.Debug-contrib|Mixed Platforms.ActiveCfg = Debug|Win32
		{7E8660FE-1909-473F-9439-5EFDBA46FBA8}.Debug-contrib|Mixed Platforms.Build.0 = Debug|Win32
		{7E8660FE-1909-473F-9439-5EFDBA46FBA8}.Debug-contrib|Win32.ActiveCfg = Debug|Win32
		{7E8660FE-1909-473F-9439-5EFDBA46FBA8}.Debug-contrib|Win32.Build.0 = Debug|Win32
		{7E8660FE-1909-473F-9439-5EFDBA46FBA8}.Debug-contrib|x64.ActiveCfg = Debug|x64
		{7E8660FE-1909-473F-9439-5EFDBA46FBA8}.Debug-contrib|x64.Build.0 = Debug|x64
		{7E8660FE-1909-473F-9439-5EFDBA46FBA8}.Debug-contrib|x86.ActiveCfg = Debug|Win32
		{7E8660FE-1909-473F-9439-5EFDBA46FBA8}.Debug-contrib|x86.Build.0 = Debug|Win32
		{7E8660FE-1909-473F-9439-5EFDBA46FBA8}.Debug-cups|Any CPU.ActiveCfg = Debug|Win32
		{7E8660FE-1909-473F-9439-5EFDBA46FBA8}.Debug-cups|ARM.ActiveCfg = Debug|Win32
		{7E8660FE-1909-473F-9439-5EFDBA46FBA8}.Debug-cups|Mixed Platforms.ActiveCfg = Debug|Win32
		{7E8660FE-1909-473F-9439-5EFDBA46FBA8}.Debug-cups|Mixed Platforms.Build.0 = Debug|Win32
		{7E8660FE-1909-473F-9439-5EFDBA46FBA8}.Debug-cups|Win32.ActiveCfg = Debug|Win32
		{7E8660FE-1909-473F-9439-5EFDBA46FBA8}.Debug-cups|Win32.Build.0 = Debug|Win32
		{7E8660FE-1909-473F-9439-5EFDBA46FBA8}.Debug-cups|x64.ActiveCfg = Debug|x64
		{7E8660FE-1909-473F-9439-5EFDBA46FBA8}.Debug-cups|x64.Build.0 = Debug|x64
		{7E8660FE-1909-473F-9439-5EFDBA46FBA8}.Debug-cups|x86.ActiveCfg = Debug|Win32
		{7E8660FE-1909-473F-9439-5EFDBA46FBA8}.Debug-cups|x86.Build.0 = Debug|Win32
		{7E8660FE-1909-473F-9439-5EFDBA46FBA8}.DebugOpenssl|Any CPU.ActiveCfg = DebugJava|x64
		{7E8660FE-1909-473F-9439-5EFDBA46FBA8}.DebugOpenssl|Any CPU.Build.0 = DebugJava|x64
		{7E8660FE-1909-473F-9439-5EFDBA46FBA8}.DebugOpenssl|ARM.ActiveCfg = DebugJava|x64
		{7E8660FE-1909-473F-9439-5EFDBA46FBA8}.DebugOpenssl|ARM.Build.0 = DebugJava|x64
		{7E8660FE-1909-473F-9439-5EFDBA46FBA8}.DebugOpenssl|Mixed Platforms.ActiveCfg = DebugJava|Win32
		{7E8660FE-1909-473F-9439-5EFDBA46FBA8}.DebugOpenssl|Mixed Platforms.Build.0 = DebugJava|Win32
		{7E8660FE-1909-473F-9439-5EFDBA46FBA8}.DebugOpenssl|Win32.ActiveCfg = DebugJava|Win32
		{7E8660FE-1909-473F-9439-5EFDBA46FBA8}.DebugOpenssl|Win32.Build.0 = DebugJava|Win32
		{7E8660FE-1909-473F-9439-5EFDBA46FBA8}.DebugOpenssl|x64.ActiveCfg = DebugJava|x64
		{7E8660FE-1909-473F-9439-5EFDBA46FBA8}.DebugOpenssl|x64.Build.0 = DebugJava|x64
		{7E8660FE-1909-473F-9439-5EFDBA46FBA8}.DebugOpenssl|x86.ActiveCfg = DebugJava|Win32
		{7E8660FE-1909-473F-9439-5EFDBA46FBA8}.DebugOpenssl|x86.Build.0 = DebugJava|Win32
		{7E8660FE-1909-473F-9439-5EFDBA46FBA8}.DVD-5|Any CPU.ActiveCfg = Debug|Win32
		{7E8660FE-1909-473F-9439-5EFDBA46FBA8}.DVD-5|ARM.ActiveCfg = Debug|Win32
		{7E8660FE-1909-473F-9439-5EFDBA46FBA8}.DVD-5|Mixed Platforms.ActiveCfg = Debug|Win32
		{7E8660FE-1909-473F-9439-5EFDBA46FBA8}.DVD-5|Mixed Platforms.Build.0 = Debug|Win32
		{7E8660FE-1909-473F-9439-5EFDBA46FBA8}.DVD-5|Win32.ActiveCfg = Debug|Win32
		{7E8660FE-1909-473F-9439-5EFDBA46FBA8}.DVD-5|Win32.Build.0 = Debug|Win32
		{7E8660FE-1909-473F-9439-5EFDBA46FBA8}.DVD-5|x64.ActiveCfg = Debug|x64
		{7E8660FE-1909-473F-9439-5EFDBA46FBA8}.DVD-5|x64.Build.0 = Debug|x64
		{7E8660FE-1909-473F-9439-5EFDBA46FBA8}.DVD-5|x86.ActiveCfg = Debug|Win32
		{7E8660FE-1909-473F-9439-5EFDBA46FBA8}.DVD-5|x86.Build.0 = Debug|Win32
		{7E8660FE-1909-473F-9439-5EFDBA46FBA8}.Memento|Any CPU.ActiveCfg = Memento|Win32
		{7E8660FE-1909-473F-9439-5EFDBA46FBA8}.Memento|ARM.ActiveCfg = Memento|Win32
		{7E8660FE-1909-473F-9439-5EFDBA46FBA8}.Memento|Mixed Platforms.ActiveCfg = Memento|Win32
		{7E8660FE-1909-473F-9439-5EFDBA46FBA8}.Memento|Mixed Platforms.Build.0 = Memento|Win32
		{7E8660FE-1909-473F-9439-5EFDBA46FBA8}.Memento|Win32.ActiveCfg = Memento|Win32
		{7E8660FE-1909-473F-9439-5EFDBA46FBA8}.Memento|Win32.Build.0 = Memento|Win32
		{7E8660FE-1909-473F-9439-5EFDBA46FBA8}.Memento|x64.ActiveCfg = Memento|x64
		{7E8660FE-1909-473F-9439-5EFDBA46FBA8}.Memento|x64.Build.0 = Memento|x64
		{7E8660FE-1909-473F-9439-5EFDBA46FBA8}.Memento|x86.ActiveCfg = Memento|Win32
		{7E8660FE-1909-473F-9439-5EFDBA46FBA8}.Memento|x86.Build.0 = Memento|Win32
		{7E8660FE-1909-473F-9439-5EFDBA46FBA8}.Profile|Any CPU.ActiveCfg = Release|Win32
		{7E8660FE-1909-473F-9439-5EFDBA46FBA8}.Profile|ARM.ActiveCfg = Release|Win32
		{7E8660FE-1909-473F-9439-5EFDBA46FBA8}.Profile|Mixed Platforms.ActiveCfg = Release|Win32
		{7E8660FE-1909-473F-9439-5EFDBA46FBA8}.Profile|Mixed Platforms.Build.0 = Release|Win32
		{7E8660FE-1909-473F-9439-5EFDBA46FBA8}.Profile|Win32.ActiveCfg = Release|Win32
		{7E8660FE-1909-473F-9439-5EFDBA46FBA8}.Profile|Win32.Build.0 = Release|Win32
		{7E8660FE-1909-473F-9439-5EFDBA46FBA8}.Profile|x64.ActiveCfg = Release|x64
		{7E8660FE-1909-473F-9439-5EFDBA46FBA8}.Profile|x64.Build.0 = Release|x64
		{7E8660FE-1909-473F-9439-5EFDBA46FBA8}.Profile|x86.ActiveCfg = Release|Win32
		{7E8660FE-1909-473F-9439-5EFDBA46FBA8}.Profile|x86.Build.0 = Release|Win32
		{7E8660FE-1909-473F-9439-5EFDBA46FBA8}.Release|Any CPU.ActiveCfg = Release|Win32
		{7E8660FE-1909-473F-9439-5EFDBA46FBA8}.Release|ARM.ActiveCfg = Release|Win32
		{7E8660FE-1909-473F-9439-5EFDBA46FBA8}.Release|Mixed Platforms.ActiveCfg = Release|Win32
		{7E8660FE-1909-473F-9439-5EFDBA46FBA8}.Release|Mixed Platforms.Build.0 = Release|Win32
		{7E8660FE-1909-473F-9439-5EFDBA46FBA8}.Release|Win32.ActiveCfg = Release|Win32
		{7E8660FE-1909-473F-9439-5EFDBA46FBA8}.Release|Win32.Build.0 = Release|Win32
		{7E8660FE-1909-473F-9439-5EFDBA46FBA8}.Release|x64.ActiveCfg = Release|x64
		{7E8660FE-1909-473F-9439-5EFDBA46FBA8}.Release|x64.Build.0 = Release|x64
		{7E8660FE-1909-473F-9439-5EFDBA46FBA8}.Release|x86.ActiveCfg = Release|Win32
		{7E8660FE-1909-473F-9439-5EFDBA46FBA8}.Release|x86.Build.0 = Release|Win32
		{7E8660FE-1909-473F-9439-5EFDBA46FBA8}.Release-contrib|Any CPU.ActiveCfg = Release|Win32
		{7E8660FE-1909-473F-9439-5EFDBA46FBA8}.Release-contrib|ARM.ActiveCfg = Release|Win32
		{7E8660FE-1909-473F-9439-5EFDBA46FBA8}.Release-contrib|Mixed Platforms.ActiveCfg = Release|Win32
		{7E8660FE-1909-473F-9439-5EFDBA46FBA8}.Release-contrib|Mixed Platforms.Build.0 = Release|Win32
		{7E8660FE-1909-473F-9439-5EFDBA46FBA8}.Release-contrib|Win32.ActiveCfg = Release|Win32
		{7E8660FE-1909-473F-9439-5EFDBA46FBA8}.Release-contrib|Win32.Build.0 = Release|Win32
		{7E8660FE-1909-473F-9439-5EFDBA46FBA8}.Release-contrib|x64.ActiveCfg = Release|x64
		{7E8660FE-1909-473F-9439-5EFDBA46FBA8}.Release-contrib|x64.Build.0 = Release|x64
		{7E8660FE-1909-473F-9439-5EFDBA46FBA8}.Release-contrib|x86.ActiveCfg = Release|Win32
		{7E8660FE-1909-473F-9439-5EFDBA46FBA8}.Release-contrib|x86.Build.0 = Release|Win32
		{7E8660FE-1909-473F-9439-5EFDBA46FBA8}.ReleaseOpenssl|Any CPU.ActiveCfg = DebugJava|x64
		{7E8660FE-1909-473F-9439-5EFDBA46FBA8}.ReleaseOpenssl|Any CPU.Build.0 = DebugJava|x64
		{7E8660FE-1909-473F-9439-5EFDBA46FBA8}.ReleaseOpenssl|ARM.ActiveCfg = DebugJava|x64
		{7E8660FE-1909-473F-9439-5EFDBA46FBA8}.ReleaseOpenssl|ARM.Build.0 = DebugJava|x64
		{7E8660FE-1909-473F-9439-5EFDBA46FBA8}.ReleaseOpenssl|Mixed Platforms.ActiveCfg = ReleaseJava|Win32
		{7E8660FE-1909-473F-9439-5EFDBA46FBA8}.ReleaseOpenssl|Mixed Platforms.Build.0 = ReleaseJava|Win32
		{7E8660FE-1909-473F-9439-5EFDBA46FBA8}.ReleaseOpenssl|Win32.ActiveCfg = ReleaseJava|Win32
		{7E8660FE-1909-473F-9439-5EFDBA46FBA8}.ReleaseOpenssl|Win32.Build.0 = ReleaseJava|Win32
		{7E8660FE-1909-473F-9439-5EFDBA46FBA8}.ReleaseOpenssl|x64.ActiveCfg = ReleaseJava|x64
		{7E8660FE-1909-473F-9439-5EFDBA46FBA8}.ReleaseOpenssl|x64.Build.0 = ReleaseJava|x64
		{7E8660FE-1909-473F-9439-5EFDBA46FBA8}.ReleaseOpenssl|x86.ActiveCfg = ReleaseJava|Win32
		{7E8660FE-1909-473F-9439-5EFDBA46FBA8}.ReleaseOpenssl|x86.Build.0 = ReleaseJava|Win32
		{7E8660FE-1909-473F-9439-5EFDBA46FBA8}.SingleImage|Any CPU.ActiveCfg = Release|Win32
		{7E8660FE-1909-473F-9439-5EFDBA46FBA8}.SingleImage|ARM.ActiveCfg = Release|Win32
		{7E8660FE-1909-473F-9439-5EFDBA46FBA8}.SingleImage|Mixed Platforms.ActiveCfg = Release|Win32
		{7E8660FE-1909-473F-9439-5EFDBA46FBA8}.SingleImage|Mixed Platforms.Build.0 = Release|Win32
		{7E8660FE-1909-473F-9439-5EFDBA46FBA8}.SingleImage|Win32.ActiveCfg = Release|Win32
		{7E8660FE-1909-473F-9439-5EFDBA46FBA8}.SingleImage|Win32.Build.0 = Release|Win32
		{7E8660FE-1909-473F-9439-5EFDBA46FBA8}.SingleImage|x64.ActiveCfg = Release|x64
		{7E8660FE-1909-473F-9439-5EFDBA46FBA8}.SingleImage|x64.Build.0 = Release|x64
		{7E8660FE-1909-473F-9439-5EFDBA46FBA8}.SingleImage|x86.ActiveCfg = Release|Win32
		{7E8660FE-1909-473F-9439-5EFDBA46FBA8}.SingleImage|x86.Build.0 = Release|Win32
		{2081E165-62AD-4273-B34F-53729E0C6B95}.CD_ROM|Any CPU.ActiveCfg = Release|Win32
		{2081E165-62AD-4273-B34F-53729E0C6B95}.CD_ROM|ARM.ActiveCfg = Release|Win32
		{2081E165-62AD-4273-B34F-53729E0C6B95}.CD_ROM|Mixed Platforms.ActiveCfg = Release|Win32
		{2081E165-62AD-4273-B34F-53729E0C6B95}.CD_ROM|Mixed Platforms.Build.0 = Release|Win32
		{2081E165-62AD-4273-B34F-53729E0C6B95}.CD_ROM|Win32.ActiveCfg = Release|Win32
		{2081E165-62AD-4273-B34F-53729E0C6B95}.CD_ROM|Win32.Build.0 = Release|Win32
		{2081E165-62AD-4273-B34F-53729E0C6B95}.CD_ROM|x64.ActiveCfg = Release|x64
		{2081E165-62AD-4273-B34F-53729E0C6B95}.CD_ROM|x64.Build.0 = Release|x64
		{2081E165-62AD-4273-B34F-53729E0C6B95}.CD_ROM|x86.ActiveCfg = Release|Win32
		{2081E165-62AD-4273-B34F-53729E0C6B95}.CD_ROM|x86.Build.0 = Release|Win32
		{2081E165-62AD-4273-B34F-53729E0C6B95}.Debug|Any CPU.ActiveCfg = Debug|Win32
		{2081E165-62AD-4273-B34F-53729E0C6B95}.Debug|ARM.ActiveCfg = Debug|ARM
		{2081E165-62AD-4273-B34F-53729E0C6B95}.Debug|Mixed Platforms.ActiveCfg = Debug|Win32
		{2081E165-62AD-4273-B34F-53729E0C6B95}.Debug|Mixed Platforms.Build.0 = Debug|Win32
		{2081E165-62AD-4273-B34F-53729E0C6B95}.Debug|Win32.ActiveCfg = Debug|Win32
		{2081E165-62AD-4273-B34F-53729E0C6B95}.Debug|Win32.Build.0 = Debug|Win32
		{2081E165-62AD-4273-B34F-53729E0C6B95}.Debug|x64.ActiveCfg = Debug|x64
		{2081E165-62AD-4273-B34F-53729E0C6B95}.Debug|x64.Build.0 = Debug|x64
		{2081E165-62AD-4273-B34F-53729E0C6B95}.Debug|x86.ActiveCfg = Debug|Win32
		{2081E165-62AD-4273-B34F-53729E0C6B95}.Debug|x86.Build.0 = Debug|Win32
		{2081E165-62AD-4273-B34F-53729E0C6B95}.Debug-contrib|Any CPU.ActiveCfg = Debug|Win32
		{2081E165-62AD-4273-B34F-53729E0C6B95}.Debug-contrib|ARM.ActiveCfg = Debug|Win32
		{2081E165-62AD-4273-B34F-53729E0C6B95}.Debug-contrib|Mixed Platforms.ActiveCfg = Debug|Win32
		{2081E165-62AD-4273-B34F-53729E0C6B95}.Debug-contrib|Mixed Platforms.Build.0 = Debug|Win32
		{2081E165-62AD-4273-B34F-53729E0C6B95}.Debug-contrib|Win32.ActiveCfg = Debug|Win32
		{2081E165-62AD-4273-B34F-53729E0C6B95}.Debug-contrib|Win32.Build.0 = Debug|Win32
		{2081E165-62AD-4273-B34F-53729E0C6B95}.Debug-contrib|x64.ActiveCfg = Debug|x64
		{2081E165-62AD-4273-B34F-53729E0C6B95}.Debug-contrib|x64.Build.0 = Debug|x64
		{2081E165-62AD-4273-B34F-53729E0C6B95}.Debug-contrib|x86.ActiveCfg = Debug|Win32
		{2081E165-62AD-4273-B34F-53729E0C6B95}.Debug-contrib|x86.Build.0 = Debug|Win32
		{2081E165-62AD-4273-B34F-53729E0C6B95}.Debug-cups|Any CPU.ActiveCfg = Debug|Win32
		{2081E165-62AD-4273-B34F-53729E0C6B95}.Debug-cups|ARM.ActiveCfg = Debug|Win32
		{2081E165-62AD-4273-B34F-53729E0C6B95}.Debug-cups|Mixed Platforms.ActiveCfg = Debug|Win32
		{2081E165-62AD-4273-B34F-53729E0C6B95}.Debug-cups|Mixed Platforms.Build.0 = Debug|Win32
		{2081E165-62AD-4273-B34F-53729E0C6B95}.Debug-cups|Win32.ActiveCfg = Debug|Win32
		{2081E165-62AD-4273-B34F-53729E0C6B95}.Debug-cups|Win32.Build.0 = Debug|Win32
		{2081E165-62AD-4273-B34F-53729E0C6B95}.Debug-cups|x64.ActiveCfg = Debug|x64
		{2081E165-62AD-4273-B34F-53729E0C6B95}.Debug-cups|x64.Build.0 = Debug|x64
		{2081E165-62AD-4273-B34F-53729E0C6B95}.Debug-cups|x86.ActiveCfg = Debug|Win32
		{2081E165-62AD-4273-B34F-53729E0C6B95}.Debug-cups|x86.Build.0 = Debug|Win32
		{2081E165-62AD-4273-B34F-53729E0C6B95}.DebugOpenssl|Any CPU.ActiveCfg = Debug|Win32
		{2081E165-62AD-4273-B34F-53729E0C6B95}.DebugOpenssl|ARM.ActiveCfg = Debug|Win32
		{2081E165-62AD-4273-B34F-53729E0C6B95}.DebugOpenssl|Mixed Platforms.ActiveCfg = Debug|Win32
		{2081E165-62AD-4273-B34F-53729E0C6B95}.DebugOpenssl|Mixed Platforms.Build.0 = Debug|Win32
		{2081E165-62AD-4273-B34F-53729E0C6B95}.DebugOpenssl|Win32.ActiveCfg = Debug|Win32
		{2081E165-62AD-4273-B34F-53729E0C6B95}.DebugOpenssl|Win32.Build.0 = Debug|Win32
		{2081E165-62AD-4273-B34F-53729E0C6B95}.DebugOpenssl|x64.ActiveCfg = Debug|x64
		{2081E165-62AD-4273-B34F-53729E0C6B95}.DebugOpenssl|x64.Build.0 = Debug|x64
		{2081E165-62AD-4273-B34F-53729E0C6B95}.DebugOpenssl|x86.ActiveCfg = Debug|Win32
		{2081E165-62AD-4273-B34F-53729E0C6B95}.DebugOpenssl|x86.Build.0 = Debug|Win32
		{2081E165-62AD-4273-B34F-53729E0C6B95}.DVD-5|Any CPU.ActiveCfg = Debug|Win32
		{2081E165-62AD-4273-B34F-53729E0C6B95}.DVD-5|ARM.ActiveCfg = Debug|Win32
		{2081E165-62AD-4273-B34F-53729E0C6B95}.DVD-5|Mixed Platforms.ActiveCfg = Debug|Win32
		{2081E165-62AD-4273-B34F-53729E0C6B95}.DVD-5|Mixed Platforms.Build.0 = Debug|Win32
		{2081E165-62AD-4273-B34F-53729E0C6B95}.DVD-5|Win32.ActiveCfg = Debug|Win32
		{2081E165-62AD-4273-B34F-53729E0C6B95}.DVD-5|Win32.Build.0 = Debug|Win32
		{2081E165-62AD-4273-B34F-53729E0C6B95}.DVD-5|x64.ActiveCfg = Debug|x64
		{2081E165-62AD-4273-B34F-53729E0C6B95}.DVD-5|x64.Build.0 = Debug|x64
		{2081E165-62AD-4273-B34F-53729E0C6B95}.DVD-5|x86.ActiveCfg = Debug|Win32
		{2081E165-62AD-4273-B34F-53729E0C6B95}.DVD-5|x86.Build.0 = Debug|Win32
		{2081E165-62AD-4273-B34F-53729E0C6B95}.Memento|Any CPU.ActiveCfg = Memento|Win32
		{2081E165-62AD-4273-B34F-53729E0C6B95}.Memento|ARM.ActiveCfg = Memento|Win32
		{2081E165-62AD-4273-B34F-53729E0C6B95}.Memento|Mixed Platforms.ActiveCfg = Memento|Win32
		{2081E165-62AD-4273-B34F-53729E0C6B95}.Memento|Mixed Platforms.Build.0 = Memento|Win32
		{2081E165-62AD-4273-B34F-53729E0C6B95}.Memento|Win32.ActiveCfg = Memento|Win32
		{2081E165-62AD-4273-B34F-53729E0C6B95}.Memento|Win32.Build.0 = Memento|Win32
		{2081E165-62AD-4273-B34F-53729E0C6B95}.Memento|x64.ActiveCfg = Memento|x64
		{2081E165-62AD-4273-B34F-53729E0C6B95}.Memento|x64.Build.0 = Memento|x64
		{2081E165-62AD-4273-B34F-53729E0C6B95}.Memento|x86.ActiveCfg = Memento|Win32
		{2081E165-62AD-4273-B34F-53729E0C6B95}.Memento|x86.Build.0 = Memento|Win32
		{2081E165-62AD-4273-B34F-53729E0C6B95}.Profile|Any CPU.ActiveCfg = Release|Win32
		{2081E165-62AD-4273-B34F-53729E0C6B95}.Profile|ARM.ActiveCfg = Release|Win32
		{2081E165-62AD-4273-B34F-53729E0C6B95}.Profile|Mixed Platforms.ActiveCfg = Release|Win32
		{2081E165-62AD-4273-B34F-53729E0C6B95}.Profile|Mixed Platforms.Build.0 = Release|Win32
		{2081E165-62AD-4273-B34F-53729E0C6B95}.Profile|Win32.ActiveCfg = Release|Win32
		{2081E165-62AD-4273-B34F-53729E0C6B95}.Profile|Win32.Build.0 = Release|Win32
		{2081E165-62AD-4273-B34F-53729E0C6B95}.Profile|x64.ActiveCfg = Release|x64
		{2081E165-62AD-4273-B34F-53729E0C6B95}.Profile|x64.Build.0 = Release|x64
		{2081E165-62AD-4273-B34F-53729E0C6B95}.Profile|x86.ActiveCfg = Release|Win32
		{2081E165-62AD-4273-B34F-53729E0C6B95}.Profile|x86.Build.0 = Release|Win32
		{2081E165-62AD-4273-B34F-53729E0C6B95}.Release|Any CPU.ActiveCfg = Release|Win32
		{2081E165-62AD-4273-B34F-53729E0C6B95}.Release|ARM.ActiveCfg = Release|Win32
		{2081E165-62AD-4273-B34F-53729E0C6B95}.Release|Mixed Platforms.ActiveCfg = Release|Win32
		{2081E165-62AD-4273-B34F-53729E0C6B95}.Release|Mixed Platforms.Build.0 = Release|Win32
		{2081E165-62AD-4273-B34F-53729E0C6B95}.Release|Win32.ActiveCfg = Release|Win32
		{2081E165-62AD-4273-B34F-53729E0C6B95}.Release|Win32.Build.0 = Release|Win32
		{2081E165-62AD-4273-B34F-53729E0C6B95}.Release|x64.ActiveCfg = Release|x64
		{2081E165-62AD-4273-B34F-53729E0C6B95}.Release|x64.Build.0 = Release|x64
		{2081E165-62AD-4273-B34F-53729E0C6B95}.Release|x86.ActiveCfg = Release|Win32
		{2081E165-62AD-4273-B34F-53729E0C6B95}.Release|x86.Build.0 = Release|Win32
		{2081E165-62AD-4273-B34F-53729E0C6B95}.Release-contrib|Any CPU.ActiveCfg = Release|Win32
		{2081E165-62AD-4273-B34F-53729E0C6B95}.Release-contrib|ARM.ActiveCfg = Release|Win32
		{2081E165-62AD-4273-B34F-53729E0C6B95}.Release-contrib|Mixed Platforms.ActiveCfg = Release|Win32
		{2081E165-62AD-4273-B34F-53729E0C6B95}.Release-contrib|Mixed Platforms.Build.0 = Release|Win32
		{2081E165-62AD-4273-B34F-53729E0C6B95}.Release-contrib|Win32.ActiveCfg = Release|Win32
		{2081E165-62AD-4273-B34F-53729E0C6B95}.Release-contrib|Win32.Build.0 = Release|Win32
		{2081E165-62AD-4273-B34F-53729E0C6B95}.Release-contrib|x64.ActiveCfg = Release|x64
		{2081E165-62AD-4273-B34F-53729E0C6B95}.Release-contrib|x64.Build.0 = Release|x64
		{2081E165-62AD-4273-B34F-53729E0C6B95}.Release-contrib|x86.ActiveCfg = Release|Win32
		{2081E165-62AD-4273-B34F-53729E0C6B95}.Release-contrib|x86.Build.0 = Release|Win32
		{2081E165-62AD-4273-B34F-53729E0C6B95}.ReleaseOpenssl|Any CPU.ActiveCfg = Release|Win32
		{2081E165-62AD-4273-B34F-53729E0C6B95}.ReleaseOpenssl|ARM.ActiveCfg = Release|Win32
		{2081E165-62AD-4273-B34F-53729E0C6B95}.ReleaseOpenssl|Mixed Platforms.ActiveCfg = Release|Win32
		{2081E165-62AD-4273-B34F-53729E0C6B95}.ReleaseOpenssl|Mixed Platforms.Build.0 = Release|Win32
		{2081E165-62AD-4273-B34F-53729E0C6B95}.ReleaseOpenssl|Win32.ActiveCfg = Release|Win32
		{2081E165-62AD-4273-B34F-53729E0C6B95}.ReleaseOpenssl|Win32.Build.0 = Release|Win32
		{2081E165-62AD-4273-B34F-53729E0C6B95}.ReleaseOpenssl|x64.ActiveCfg = Release|x64
		{2081E165-62AD-4273-B34F-53729E0C6B95}.ReleaseOpenssl|x64.Build.0 = Release|x64
		{2081E165-62AD-4273-B34F-53729E0C6B95}.ReleaseOpenssl|x86.ActiveCfg = Release|Win32
		{2081E165-62AD-4273-B34F-53729E0C6B95}.ReleaseOpenssl|x86.Build.0 = Release|Win32
		{2081E165-62AD-4273-B34F-53729E0C6B95}.SingleImage|Any CPU.ActiveCfg = Release|Win32
		{2081E165-62AD-4273-B34F-53729E0C6B95}.SingleImage|ARM.ActiveCfg = Release|Win32
		{2081E165-62AD-4273-B34F-53729E0C6B95}.SingleImage|Mixed Platforms.ActiveCfg = Release|Win32
		{2081E165-62AD-4273-B34F-53729E0C6B95}.SingleImage|Mixed Platforms.Build.0 = Release|Win32
		{2081E165-62AD-4273-B34F-53729E0C6B95}.SingleImage|Win32.ActiveCfg = Release|Win32
		{2081E165-62AD-4273-B34F-53729E0C6B95}.SingleImage|Win32.Build.0 = Release|Win32
		{2081E165-62AD-4273-B34F-53729E0C6B95}.SingleImage|x64.ActiveCfg = Release|x64
		{2081E165-62AD-4273-B34F-53729E0C6B95}.SingleImage|x64.Build.0 = Release|x64
		{2081E165-62AD-4273-B34F-53729E0C6B95}.SingleImage|x86.ActiveCfg = Release|Win32
		{2081E165-62AD-4273-B34F-53729E0C6B95}.SingleImage|x86.Build.0 = Release|Win32
		{52DCAB29-C8EE-4422-954C-29AFA6B33E22}.CD_ROM|Any CPU.ActiveCfg = Release|x64
		{52DCAB29-C8EE-4422-954C-29AFA6B33E22}.CD_ROM|Any CPU.Build.0 = Release|x64
		{52DCAB29-C8EE-4422-954C-29AFA6B33E22}.CD_ROM|ARM.ActiveCfg = Release|x64
		{52DCAB29-C8EE-4422-954C-29AFA6B33E22}.CD_ROM|ARM.Build.0 = Release|x64
		{52DCAB29-C8EE-4422-954C-29AFA6B33E22}.CD_ROM|Mixed Platforms.ActiveCfg = Release|Win32
		{52DCAB29-C8EE-4422-954C-29AFA6B33E22}.CD_ROM|Mixed Platforms.Build.0 = Release|Win32
		{52DCAB29-C8EE-4422-954C-29AFA6B33E22}.CD_ROM|Win32.ActiveCfg = Release|Win32
		{52DCAB29-C8EE-4422-954C-29AFA6B33E22}.CD_ROM|Win32.Build.0 = Release|Win32
		{52DCAB29-C8EE-4422-954C-29AFA6B33E22}.CD_ROM|x64.ActiveCfg = Release|x64
		{52DCAB29-C8EE-4422-954C-29AFA6B33E22}.CD_ROM|x64.Build.0 = Release|x64
		{52DCAB29-C8EE-4422-954C-29AFA6B33E22}.CD_ROM|x86.ActiveCfg = Release|Win32
		{52DCAB29-C8EE-4422-954C-29AFA6B33E22}.CD_ROM|x86.Build.0 = Release|Win32
		{52DCAB29-C8EE-4422-954C-29AFA6B33E22}.Debug|Any CPU.ActiveCfg = Release|x64
		{52DCAB29-C8EE-4422-954C-29AFA6B33E22}.Debug|Any CPU.Build.0 = Release|x64
		{52DCAB29-C8EE-4422-954C-29AFA6B33E22}.Debug|ARM.ActiveCfg = Release|ARM
		{52DCAB29-C8EE-4422-954C-29AFA6B33E22}.Debug|ARM.Build.0 = Release|ARM
		{52DCAB29-C8EE-4422-954C-29AFA6B33E22}.Debug|Mixed Platforms.ActiveCfg = Release|Win32
		{52DCAB29-C8EE-4422-954C-29AFA6B33E22}.Debug|Mixed Platforms.Build.0 = Release|Win32
		{52DCAB29-C8EE-4422-954C-29AFA6B33E22}.Debug|Win32.ActiveCfg = Release|Win32
		{52DCAB29-C8EE-4422-954C-29AFA6B33E22}.Debug|Win32.Build.0 = Release|Win32
		{52DCAB29-C8EE-4422-954C-29AFA6B33E22}.Debug|x64.ActiveCfg = Release|x64
		{52DCAB29-C8EE-4422-954C-29AFA6B33E22}.Debug|x64.Build.0 = Release|x64
		{52DCAB29-C8EE-4422-954C-29AFA6B33E22}.Debug|x86.ActiveCfg = Release|Win32
		{52DCAB29-C8EE-4422-954C-29AFA6B33E22}.Debug|x86.Build.0 = Release|Win32
		{52DCAB29-C8EE-4422-954C-29AFA6B33E22}.Debug-contrib|Any CPU.ActiveCfg = Release|x64
		{52DCAB29-C8EE-4422-954C-29AFA6B33E22}.Debug-contrib|Any CPU.Build.0 = Release|x64
		{52DCAB29-C8EE-4422-954C-29AFA6B33E22}.Debug-contrib|ARM.ActiveCfg = Release|x64
		{52DCAB29-C8EE-4422-954C-29AFA6B33E22}.Debug-contrib|ARM.Build.0 = Release|x64
		{52DCAB29-C8EE-4422-954C-29AFA6B33E22}.Debug-contrib|Mixed Platforms.ActiveCfg = Release|Win32
		{52DCAB29-C8EE-4422-954C-29AFA6B33E22}.Debug-contrib|Mixed Platforms.Build.0 = Release|Win32
		{52DCAB29-C8EE-4422-954C-29AFA6B33E22}.Debug-contrib|Win32.ActiveCfg = Release|Win32
		{52DCAB29-C8EE-4422-954C-29AFA6B33E22}.Debug-contrib|Win32.Build.0 = Release|Win32
		{52DCAB29-C8EE-4422-954C-29AFA6B33E22}.Debug-contrib|x64.ActiveCfg = Release|x64
		{52DCAB29-C8EE-4422-954C-29AFA6B33E22}.Debug-contrib|x64.Build.0 = Release|x64
		{52DCAB29-C8EE-4422-954C-29AFA6B33E22}.Debug-contrib|x86.ActiveCfg = Release|Win32
		{52DCAB29-C8EE-4422-954C-29AFA6B33E22}.Debug-contrib|x86.Build.0 = Release|Win32
		{52DCAB29-C8EE-4422-954C-29AFA6B33E22}.Debug-cups|Any CPU.ActiveCfg = Release|x64
		{52DCAB29-C8EE-4422-954C-29AFA6B33E22}.Debug-cups|Any CPU.Build.0 = Release|x64
		{52DCAB29-C8EE-4422-954C-29AFA6B33E22}.Debug-cups|ARM.ActiveCfg = Release|x64
		{52DCAB29-C8EE-4422-954C-29AFA6B33E22}.Debug-cups|ARM.Build.0 = Release|x64
		{52DCAB29-C8EE-4422-954C-29AFA6B33E22}.Debug-cups|Mixed Platforms.ActiveCfg = Release|Win32
		{52DCAB29-C8EE-4422-954C-29AFA6B33E22}.Debug-cups|Mixed Platforms.Build.0 = Release|Win32
		{52DCAB29-C8EE-4422-954C-29AFA6B33E22}.Debug-cups|Win32.ActiveCfg = Release|Win32
		{52DCAB29-C8EE-4422-954C-29AFA6B33E22}.Debug-cups|Win32.Build.0 = Release|Win32
		{52DCAB29-C8EE-4422-954C-29AFA6B33E22}.Debug-cups|x64.ActiveCfg = Release|x64
		{52DCAB29-C8EE-4422-954C-29AFA6B33E22}.Debug-cups|x64.Build.0 = Release|x64
		{52DCAB29-C8EE-4422-954C-29AFA6B33E22}.Debug-cups|x86.ActiveCfg = Release|Win32
		{52DCAB29-C8EE-4422-954C-29AFA6B33E22}.Debug-cups|x86.Build.0 = Release|Win32
		{52DCAB29-C8EE-4422-954C-29AFA6B33E22}.DebugOpenssl|Any CPU.ActiveCfg = Release|x64
		{52DCAB29-C8EE-4422-954C-29AFA6B33E22}.DebugOpenssl|Any CPU.Build.0 = Release|x64
		{52DCAB29-C8EE-4422-954C-29AFA6B33E22}.DebugOpenssl|ARM.ActiveCfg = Release|x64
		{52DCAB29-C8EE-4422-954C-29AFA6B33E22}.DebugOpenssl|ARM.Build.0 = Release|x64
		{52DCAB29-C8EE-4422-954C-29AFA6B33E22}.DebugOpenssl|Mixed Platforms.ActiveCfg = Release|Win32
		{52DCAB29-C8EE-4422-954C-29AFA6B33E22}.DebugOpenssl|Mixed Platforms.Build.0 = Release|Win32
		{52DCAB29-C8EE-4422-954C-29AFA6B33E22}.DebugOpenssl|Win32.ActiveCfg = Release|Win32
		{52DCAB29-C8EE-4422-954C-29AFA6B33E22}.DebugOpenssl|Win32.Build.0 = Release|Win32
		{52DCAB29-C8EE-4422-954C-29AFA6B33E22}.DebugOpenssl|x64.ActiveCfg = Release|x64
		{52DCAB29-C8EE-4422-954C-29AFA6B33E22}.DebugOpenssl|x64.Build.0 = Release|x64
		{52DCAB29-C8EE-4422-954C-29AFA6B33E22}.DebugOpenssl|x86.ActiveCfg = Release|Win32
		{52DCAB29-C8EE-4422-954C-29AFA6B33E22}.DebugOpenssl|x86.Build.0 = Release|Win32
		{52DCAB29-C8EE-4422-954C-29AFA6B33E22}.DVD-5|Any CPU.ActiveCfg = Release|x64
		{52DCAB29-C8EE-4422-954C-29AFA6B33E22}.DVD-5|Any CPU.Build.0 = Release|x64
		{52DCAB29-C8EE-4422-954C-29AFA6B33E22}.DVD-5|ARM.ActiveCfg = Release|x64
		{52DCAB29-C8EE-4422-954C-29AFA6B33E22}.DVD-5|ARM.Build.0 = Release|x64
		{52DCAB29-C8EE-4422-954C-29AFA6B33E22}.DVD-5|Mixed Platforms.ActiveCfg = Release|Win32
		{52DCAB29-C8EE-4422-954C-29AFA6B33E22}.DVD-5|Mixed Platforms.Build.0 = Release|Win32
		{52DCAB29-C8EE-4422-954C-29AFA6B33E22}.DVD-5|Win32.ActiveCfg = Release|Win32
		{52DCAB29-C8EE-4422-954C-29AFA6B33E22}.DVD-5|Win32.Build.0 = Release|Win32
		{52DCAB29-C8EE-4422-954C-29AFA6B33E22}.DVD-5|x64.ActiveCfg = Release|x64
		{52DCAB29-C8EE-4422-954C-29AFA6B33E22}.DVD-5|x64.Build.0 = Release|x64
		{52DCAB29-C8EE-4422-954C-29AFA6B33E22}.DVD-5|x86.ActiveCfg = Release|Win32
		{52DCAB29-C8EE-4422-954C-29AFA6B33E22}.DVD-5|x86.Build.0 = Release|Win32
		{52DCAB29-C8EE-4422-954C-29AFA6B33E22}.Memento|Any CPU.ActiveCfg = Release|x64
		{52DCAB29-C8EE-4422-954C-29AFA6B33E22}.Memento|Any CPU.Build.0 = Release|x64
		{52DCAB29-C8EE-4422-954C-29AFA6B33E22}.Memento|ARM.ActiveCfg = Release|x64
		{52DCAB29-C8EE-4422-954C-29AFA6B33E22}.Memento|ARM.Build.0 = Release|x64
		{52DCAB29-C8EE-4422-954C-29AFA6B33E22}.Memento|Mixed Platforms.ActiveCfg = Release|Win32
		{52DCAB29-C8EE-4422-954C-29AFA6B33E22}.Memento|Mixed Platforms.Build.0 = Release|Win32
		{52DCAB29-C8EE-4422-954C-29AFA6B33E22}.Memento|Win32.ActiveCfg = Release|Win32
		{52DCAB29-C8EE-4422-954C-29AFA6B33E22}.Memento|Win32.Build.0 = Release|Win32
		{52DCAB29-C8EE-4422-954C-29AFA6B33E22}.Memento|x64.ActiveCfg = Release|x64
		{52DCAB29-C8EE-4422-954C-29AFA6B33E22}.Memento|x64.Build.0 = Release|x64
		{52DCAB29-C8EE-4422-954C-29AFA6B33E22}.Memento|x86.ActiveCfg = Release|Win32
		{52DCAB29-C8EE-4422-954C-29AFA6B33E22}.Memento|x86.Build.0 = Release|Win32
		{52DCAB29-C8EE-4422-954C-29AFA6B33E22}.Profile|Any CPU.ActiveCfg = Release|x64
		{52DCAB29-C8EE-4422-954C-29AFA6B33E22}.Profile|Any CPU.Build.0 = Release|x64
		{52DCAB29-C8EE-4422-954C-29AFA6B33E22}.Profile|ARM.ActiveCfg = Release|x64
		{52DCAB29-C8EE-4422-954C-29AFA6B33E22}.Profile|ARM.Build.0 = Release|x64
		{52DCAB29-C8EE-4422-954C-29AFA6B33E22}.Profile|Mixed Platforms.ActiveCfg = Release|Win32
		{52DCAB29-C8EE-4422-954C-29AFA6B33E22}.Profile|Mixed Platforms.Build.0 = Release|Win32
		{52DCAB29-C8EE-4422-954C-29AFA6B33E22}.Profile|Win32.ActiveCfg = Release|Win32
		{52DCAB29-C8EE-4422-954C-29AFA6B33E22}.Profile|Win32.Build.0 = Release|Win32
		{52DCAB29-C8EE-4422-954C-29AFA6B33E22}.Profile|x64.ActiveCfg = Release|x64
		{52DCAB29-C8EE-4422-954C-29AFA6B33E22}.Profile|x64.Build.0 = Release|x64
		{52DCAB29-C8EE-4422-954C-29AFA6B33E22}.Profile|x86.ActiveCfg = Release|Win32
		{52DCAB29-C8EE-4422-954C-29AFA6B33E22}.Profile|x86.Build.0 = Release|Win32
		{52DCAB29-C8EE-4422-954C-29AFA6B33E22}.Release|Any CPU.ActiveCfg = Release|Win32
		{52DCAB29-C8EE-4422-954C-29AFA6B33E22}.Release|ARM.ActiveCfg = Release|Win32
		{52DCAB29-C8EE-4422-954C-29AFA6B33E22}.Release|Mixed Platforms.ActiveCfg = Release|Win32
		{52DCAB29-C8EE-4422-954C-29AFA6B33E22}.Release|Mixed Platforms.Build.0 = Release|Win32
		{52DCAB29-C8EE-4422-954C-29AFA6B33E22}.Release|Win32.ActiveCfg = Release|Win32
		{52DCAB29-C8EE-4422-954C-29AFA6B33E22}.Release|Win32.Build.0 = Release|Win32
		{52DCAB29-C8EE-4422-954C-29AFA6B33E22}.Release|x64.ActiveCfg = Release|x64
		{52DCAB29-C8EE-4422-954C-29AFA6B33E22}.Release|x64.Build.0 = Release|x64
		{52DCAB29-C8EE-4422-954C-29AFA6B33E22}.Release|x86.ActiveCfg = Release|Win32
		{52DCAB29-C8EE-4422-954C-29AFA6B33E22}.Release|x86.Build.0 = Release|Win32
		{52DCAB29-C8EE-4422-954C-29AFA6B33E22}.Release-contrib|Any CPU.ActiveCfg = Release|x64
		{52DCAB29-C8EE-4422-954C-29AFA6B33E22}.Release-contrib|Any CPU.Build.0 = Release|x64
		{52DCAB29-C8EE-4422-954C-29AFA6B33E22}.Release-contrib|ARM.ActiveCfg = Release|x64
		{52DCAB29-C8EE-4422-954C-29AFA6B33E22}.Release-contrib|ARM.Build.0 = Release|x64
		{52DCAB29-C8EE-4422-954C-29AFA6B33E22}.Release-contrib|Mixed Platforms.ActiveCfg = Release|Win32
		{52DCAB29-C8EE-4422-954C-29AFA6B33E22}.Release-contrib|Mixed Platforms.Build.0 = Release|Win32
		{52DCAB29-C8EE-4422-954C-29AFA6B33E22}.Release-contrib|Win32.ActiveCfg = Release|Win32
		{52DCAB29-C8EE-4422-954C-29AFA6B33E22}.Release-contrib|Win32.Build.0 = Release|Win32
		{52DCAB29-C8EE-4422-954C-29AFA6B33E22}.Release-contrib|x64.ActiveCfg = Release|x64
		{52DCAB29-C8EE-4422-954C-29AFA6B33E22}.Release-contrib|x64.Build.0 = Release|x64
		{52DCAB29-C8EE-4422-954C-29AFA6B33E22}.Release-contrib|x86.ActiveCfg = Release|Win32
		{52DCAB29-C8EE-4422-954C-29AFA6B33E22}.Release-contrib|x86.Build.0 = Release|Win32
		{52DCAB29-C8EE-4422-954C-29AFA6B33E22}.ReleaseOpenssl|Any CPU.ActiveCfg = Release|x64
		{52DCAB29-C8EE-4422-954C-29AFA6B33E22}.ReleaseOpenssl|Any CPU.Build.0 = Release|x64
		{52DCAB29-C8EE-4422-954C-29AFA6B33E22}.ReleaseOpenssl|ARM.ActiveCfg = Release|x64
		{52DCAB29-C8EE-4422-954C-29AFA6B33E22}.ReleaseOpenssl|ARM.Build.0 = Release|x64
		{52DCAB29-C8EE-4422-954C-29AFA6B33E22}.ReleaseOpenssl|Mixed Platforms.ActiveCfg = Release|Win32
		{52DCAB29-C8EE-4422-954C-29AFA6B33E22}.ReleaseOpenssl|Mixed Platforms.Build.0 = Release|Win32
		{52DCAB29-C8EE-4422-954C-29AFA6B33E22}.ReleaseOpenssl|Win32.ActiveCfg = Release|Win32
		{52DCAB29-C8EE-4422-954C-29AFA6B33E22}.ReleaseOpenssl|Win32.Build.0 = Release|Win32
		{52DCAB29-C8EE-4422-954C-29AFA6B33E22}.ReleaseOpenssl|x64.ActiveCfg = Release|x64
		{52DCAB29-C8EE-4422-954C-29AFA6B33E22}.ReleaseOpenssl|x64.Build.0 = Release|x64
		{52DCAB29-C8EE-4422-954C-29AFA6B33E22}.ReleaseOpenssl|x86.ActiveCfg = Release|Win32
		{52DCAB29-C8EE-4422-954C-29AFA6B33E22}.ReleaseOpenssl|x86.Build.0 = Release|Win32
		{52DCAB29-C8EE-4422-954C-29AFA6B33E22}.SingleImage|Any CPU.ActiveCfg = Release|x64
		{52DCAB29-C8EE-4422-954C-29AFA6B33E22}.SingleImage|Any CPU.Build.0 = Release|x64
		{52DCAB29-C8EE-4422-954C-29AFA6B33E22}.SingleImage|ARM.ActiveCfg = Release|x64
		{52DCAB29-C8EE-4422-954C-29AFA6B33E22}.SingleImage|ARM.Build.0 = Release|x64
		{52DCAB29-C8EE-4422-954C-29AFA6B33E22}.SingleImage|Mixed Platforms.ActiveCfg = Release|Win32
		{52DCAB29-C8EE-4422-954C-29AFA6B33E22}.SingleImage|Mixed Platforms.Build.0 = Release|Win32
		{52DCAB29-C8EE-4422-954C-29AFA6B33E22}.SingleImage|Win32.ActiveCfg = Release|Win32
		{52DCAB29-C8EE-4422-954C-29AFA6B33E22}.SingleImage|Win32.Build.0 = Release|Win32
		{52DCAB29-C8EE-4422-954C-29AFA6B33E22}.SingleImage|x64.ActiveCfg = Release|x64
		{52DCAB29-C8EE-4422-954C-29AFA6B33E22}.SingleImage|x64.Build.0 = Release|x64
		{52DCAB29-C8EE-4422-954C-29AFA6B33E22}.SingleImage|x86.ActiveCfg = Release|Win32
		{52DCAB29-C8EE-4422-954C-29AFA6B33E22}.SingleImage|x86.Build.0 = Release|Win32
		{0204A4E7-F1B8-4268-A67C-A2C674B4742D}.CD_ROM|Any CPU.ActiveCfg = Release|x64
		{0204A4E7-F1B8-4268-A67C-A2C674B4742D}.CD_ROM|Any CPU.Build.0 = Release|x64
		{0204A4E7-F1B8-4268-A67C-A2C674B4742D}.CD_ROM|Any CPU.Deploy.0 = Release|x64
		{0204A4E7-F1B8-4268-A67C-A2C674B4742D}.CD_ROM|ARM.ActiveCfg = Release|ARM
		{0204A4E7-F1B8-4268-A67C-A2C674B4742D}.CD_ROM|ARM.Build.0 = Release|ARM
		{0204A4E7-F1B8-4268-A67C-A2C674B4742D}.CD_ROM|ARM.Deploy.0 = Release|ARM
		{0204A4E7-F1B8-4268-A67C-A2C674B4742D}.CD_ROM|Mixed Platforms.ActiveCfg = Release|Win32
		{0204A4E7-F1B8-4268-A67C-A2C674B4742D}.CD_ROM|Mixed Platforms.Build.0 = Release|Win32
		{0204A4E7-F1B8-4268-A67C-A2C674B4742D}.CD_ROM|Mixed Platforms.Deploy.0 = Release|Win32
		{0204A4E7-F1B8-4268-A67C-A2C674B4742D}.CD_ROM|Win32.ActiveCfg = Release|Win32
		{0204A4E7-F1B8-4268-A67C-A2C674B4742D}.CD_ROM|Win32.Build.0 = Release|Win32
		{0204A4E7-F1B8-4268-A67C-A2C674B4742D}.CD_ROM|Win32.Deploy.0 = Release|Win32
		{0204A4E7-F1B8-4268-A67C-A2C674B4742D}.CD_ROM|x64.ActiveCfg = Release|x64
		{0204A4E7-F1B8-4268-A67C-A2C674B4742D}.CD_ROM|x64.Build.0 = Release|x64
		{0204A4E7-F1B8-4268-A67C-A2C674B4742D}.CD_ROM|x64.Deploy.0 = Release|x64
		{0204A4E7-F1B8-4268-A67C-A2C674B4742D}.CD_ROM|x86.ActiveCfg = Release|Win32
		{0204A4E7-F1B8-4268-A67C-A2C674B4742D}.CD_ROM|x86.Build.0 = Release|Win32
		{0204A4E7-F1B8-4268-A67C-A2C674B4742D}.CD_ROM|x86.Deploy.0 = Release|Win32
		{0204A4E7-F1B8-4268-A67C-A2C674B4742D}.Debug|Any CPU.ActiveCfg = Debug|Win32
		{0204A4E7-F1B8-4268-A67C-A2C674B4742D}.Debug|ARM.ActiveCfg = Debug|ARM
		{0204A4E7-F1B8-4268-A67C-A2C674B4742D}.Debug|ARM.Build.0 = Debug|ARM
		{0204A4E7-F1B8-4268-A67C-A2C674B4742D}.Debug|ARM.Deploy.0 = Debug|ARM
		{0204A4E7-F1B8-4268-A67C-A2C674B4742D}.Debug|Mixed Platforms.ActiveCfg = Debug|Win32
		{0204A4E7-F1B8-4268-A67C-A2C674B4742D}.Debug|Mixed Platforms.Build.0 = Debug|Win32
		{0204A4E7-F1B8-4268-A67C-A2C674B4742D}.Debug|Mixed Platforms.Deploy.0 = Debug|Win32
		{0204A4E7-F1B8-4268-A67C-A2C674B4742D}.Debug|Win32.ActiveCfg = Debug|Win32
		{0204A4E7-F1B8-4268-A67C-A2C674B4742D}.Debug|Win32.Build.0 = Debug|Win32
		{0204A4E7-F1B8-4268-A67C-A2C674B4742D}.Debug|Win32.Deploy.0 = Debug|Win32
		{0204A4E7-F1B8-4268-A67C-A2C674B4742D}.Debug|x64.ActiveCfg = Debug|x64
		{0204A4E7-F1B8-4268-A67C-A2C674B4742D}.Debug|x64.Build.0 = Debug|x64
		{0204A4E7-F1B8-4268-A67C-A2C674B4742D}.Debug|x64.Deploy.0 = Debug|x64
		{0204A4E7-F1B8-4268-A67C-A2C674B4742D}.Debug|x86.ActiveCfg = Debug|Win32
		{0204A4E7-F1B8-4268-A67C-A2C674B4742D}.Debug|x86.Build.0 = Debug|Win32
		{0204A4E7-F1B8-4268-A67C-A2C674B4742D}.Debug|x86.Deploy.0 = Debug|Win32
		{0204A4E7-F1B8-4268-A67C-A2C674B4742D}.Debug-contrib|Any CPU.ActiveCfg = Release|x64
		{0204A4E7-F1B8-4268-A67C-A2C674B4742D}.Debug-contrib|Any CPU.Build.0 = Release|x64
		{0204A4E7-F1B8-4268-A67C-A2C674B4742D}.Debug-contrib|Any CPU.Deploy.0 = Release|x64
		{0204A4E7-F1B8-4268-A67C-A2C674B4742D}.Debug-contrib|ARM.ActiveCfg = Debug|ARM
		{0204A4E7-F1B8-4268-A67C-A2C674B4742D}.Debug-contrib|ARM.Build.0 = Debug|ARM
		{0204A4E7-F1B8-4268-A67C-A2C674B4742D}.Debug-contrib|ARM.Deploy.0 = Debug|ARM
		{0204A4E7-F1B8-4268-A67C-A2C674B4742D}.Debug-contrib|Mixed Platforms.ActiveCfg = Debug|Win32
		{0204A4E7-F1B8-4268-A67C-A2C674B4742D}.Debug-contrib|Mixed Platforms.Build.0 = Debug|Win32
		{0204A4E7-F1B8-4268-A67C-A2C674B4742D}.Debug-contrib|Mixed Platforms.Deploy.0 = Debug|Win32
		{0204A4E7-F1B8-4268-A67C-A2C674B4742D}.Debug-contrib|Win32.ActiveCfg = Debug|Win32
		{0204A4E7-F1B8-4268-A67C-A2C674B4742D}.Debug-contrib|Win32.Build.0 = Debug|Win32
		{0204A4E7-F1B8-4268-A67C-A2C674B4742D}.Debug-contrib|Win32.Deploy.0 = Debug|Win32
		{0204A4E7-F1B8-4268-A67C-A2C674B4742D}.Debug-contrib|x64.ActiveCfg = Debug|x64
		{0204A4E7-F1B8-4268-A67C-A2C674B4742D}.Debug-contrib|x64.Build.0 = Debug|x64
		{0204A4E7-F1B8-4268-A67C-A2C674B4742D}.Debug-contrib|x64.Deploy.0 = Debug|x64
		{0204A4E7-F1B8-4268-A67C-A2C674B4742D}.Debug-contrib|x86.ActiveCfg = Debug|Win32
		{0204A4E7-F1B8-4268-A67C-A2C674B4742D}.Debug-contrib|x86.Build.0 = Debug|Win32
		{0204A4E7-F1B8-4268-A67C-A2C674B4742D}.Debug-contrib|x86.Deploy.0 = Debug|Win32
		{0204A4E7-F1B8-4268-A67C-A2C674B4742D}.Debug-cups|Any CPU.ActiveCfg = Release|x64
		{0204A4E7-F1B8-4268-A67C-A2C674B4742D}.Debug-cups|Any CPU.Build.0 = Release|x64
		{0204A4E7-F1B8-4268-A67C-A2C674B4742D}.Debug-cups|Any CPU.Deploy.0 = Release|x64
		{0204A4E7-F1B8-4268-A67C-A2C674B4742D}.Debug-cups|ARM.ActiveCfg = Debug|ARM
		{0204A4E7-F1B8-4268-A67C-A2C674B4742D}.Debug-cups|ARM.Build.0 = Debug|ARM
		{0204A4E7-F1B8-4268-A67C-A2C674B4742D}.Debug-cups|ARM.Deploy.0 = Debug|ARM
		{0204A4E7-F1B8-4268-A67C-A2C674B4742D}.Debug-cups|Mixed Platforms.ActiveCfg = Debug|Win32
		{0204A4E7-F1B8-4268-A67C-A2C674B4742D}.Debug-cups|Mixed Platforms.Build.0 = Debug|Win32
		{0204A4E7-F1B8-4268-A67C-A2C674B4742D}.Debug-cups|Mixed Platforms.Deploy.0 = Debug|Win32
		{0204A4E7-F1B8-4268-A67C-A2C674B4742D}.Debug-cups|Win32.ActiveCfg = Debug|Win32
		{0204A4E7-F1B8-4268-A67C-A2C674B4742D}.Debug-cups|Win32.Build.0 = Debug|Win32
		{0204A4E7-F1B8-4268-A67C-A2C674B4742D}.Debug-cups|Win32.Deploy.0 = Debug|Win32
		{0204A4E7-F1B8-4268-A67C-A2C674B4742D}.Debug-cups|x64.ActiveCfg = Debug|x64
		{0204A4E7-F1B8-4268-A67C-A2C674B4742D}.Debug-cups|x64.Build.0 = Debug|x64
		{0204A4E7-F1B8-4268-A67C-A2C674B4742D}.Debug-cups|x64.Deploy.0 = Debug|x64
		{0204A4E7-F1B8-4268-A67C-A2C674B4742D}.Debug-cups|x86.ActiveCfg = Debug|Win32
		{0204A4E7-F1B8-4268-A67C-A2C674B4742D}.Debug-cups|x86.Build.0 = Debug|Win32
		{0204A4E7-F1B8-4268-A67C-A2C674B4742D}.Debug-cups|x86.Deploy.0 = Debug|Win32
		{0204A4E7-F1B8-4268-A67C-A2C674B4742D}.DebugOpenssl|Any CPU.ActiveCfg = Release|x64
		{0204A4E7-F1B8-4268-A67C-A2C674B4742D}.DebugOpenssl|Any CPU.Build.0 = Release|x64
		{0204A4E7-F1B8-4268-A67C-A2C674B4742D}.DebugOpenssl|Any CPU.Deploy.0 = Release|x64
		{0204A4E7-F1B8-4268-A67C-A2C674B4742D}.DebugOpenssl|ARM.ActiveCfg = Debug|ARM
		{0204A4E7-F1B8-4268-A67C-A2C674B4742D}.DebugOpenssl|ARM.Build.0 = Debug|ARM
		{0204A4E7-F1B8-4268-A67C-A2C674B4742D}.DebugOpenssl|ARM.Deploy.0 = Debug|ARM
		{0204A4E7-F1B8-4268-A67C-A2C674B4742D}.DebugOpenssl|Mixed Platforms.ActiveCfg = Debug|Win32
		{0204A4E7-F1B8-4268-A67C-A2C674B4742D}.DebugOpenssl|Mixed Platforms.Build.0 = Debug|Win32
		{0204A4E7-F1B8-4268-A67C-A2C674B4742D}.DebugOpenssl|Mixed Platforms.Deploy.0 = Debug|Win32
		{0204A4E7-F1B8-4268-A67C-A2C674B4742D}.DebugOpenssl|Win32.ActiveCfg = Debug|Win32
		{0204A4E7-F1B8-4268-A67C-A2C674B4742D}.DebugOpenssl|Win32.Build.0 = Debug|Win32
		{0204A4E7-F1B8-4268-A67C-A2C674B4742D}.DebugOpenssl|Win32.Deploy.0 = Debug|Win32
		{0204A4E7-F1B8-4268-A67C-A2C674B4742D}.DebugOpenssl|x64.ActiveCfg = Debug|x64
		{0204A4E7-F1B8-4268-A67C-A2C674B4742D}.DebugOpenssl|x64.Build.0 = Debug|x64
		{0204A4E7-F1B8-4268-A67C-A2C674B4742D}.DebugOpenssl|x64.Deploy.0 = Debug|x64
		{0204A4E7-F1B8-4268-A67C-A2C674B4742D}.DebugOpenssl|x86.ActiveCfg = Debug|Win32
		{0204A4E7-F1B8-4268-A67C-A2C674B4742D}.DebugOpenssl|x86.Build.0 = Debug|Win32
		{0204A4E7-F1B8-4268-A67C-A2C674B4742D}.DebugOpenssl|x86.Deploy.0 = Debug|Win32
		{0204A4E7-F1B8-4268-A67C-A2C674B4742D}.DVD-5|Any CPU.ActiveCfg = Release|x64
		{0204A4E7-F1B8-4268-A67C-A2C674B4742D}.DVD-5|Any CPU.Build.0 = Release|x64
		{0204A4E7-F1B8-4268-A67C-A2C674B4742D}.DVD-5|Any CPU.Deploy.0 = Release|x64
		{0204A4E7-F1B8-4268-A67C-A2C674B4742D}.DVD-5|ARM.ActiveCfg = Debug|ARM
		{0204A4E7-F1B8-4268-A67C-A2C674B4742D}.DVD-5|ARM.Build.0 = Debug|ARM
		{0204A4E7-F1B8-4268-A67C-A2C674B4742D}.DVD-5|ARM.Deploy.0 = Debug|ARM
		{0204A4E7-F1B8-4268-A67C-A2C674B4742D}.DVD-5|Mixed Platforms.ActiveCfg = Debug|Win32
		{0204A4E7-F1B8-4268-A67C-A2C674B4742D}.DVD-5|Mixed Platforms.Build.0 = Debug|Win32
		{0204A4E7-F1B8-4268-A67C-A2C674B4742D}.DVD-5|Mixed Platforms.Deploy.0 = Debug|Win32
		{0204A4E7-F1B8-4268-A67C-A2C674B4742D}.DVD-5|Win32.ActiveCfg = Debug|Win32
		{0204A4E7-F1B8-4268-A67C-A2C674B4742D}.DVD-5|Win32.Build.0 = Debug|Win32
		{0204A4E7-F1B8-4268-A67C-A2C674B4742D}.DVD-5|Win32.Deploy.0 = Debug|Win32
		{0204A4E7-F1B8-4268-A67C-A2C674B4742D}.DVD-5|x64.ActiveCfg = Debug|x64
		{0204A4E7-F1B8-4268-A67C-A2C674B4742D}.DVD-5|x64.Build.0 = Debug|x64
		{0204A4E7-F1B8-4268-A67C-A2C674B4742D}.DVD-5|x64.Deploy.0 = Debug|x64
		{0204A4E7-F1B8-4268-A67C-A2C674B4742D}.DVD-5|x86.ActiveCfg = Debug|Win32
		{0204A4E7-F1B8-4268-A67C-A2C674B4742D}.DVD-5|x86.Build.0 = Debug|Win32
		{0204A4E7-F1B8-4268-A67C-A2C674B4742D}.DVD-5|x86.Deploy.0 = Debug|Win32
		{0204A4E7-F1B8-4268-A67C-A2C674B4742D}.Memento|Any CPU.ActiveCfg = Release|x64
		{0204A4E7-F1B8-4268-A67C-A2C674B4742D}.Memento|Any CPU.Build.0 = Release|x64
		{0204A4E7-F1B8-4268-A67C-A2C674B4742D}.Memento|Any CPU.Deploy.0 = Release|x64
		{0204A4E7-F1B8-4268-A67C-A2C674B4742D}.Memento|ARM.ActiveCfg = Release|ARM
		{0204A4E7-F1B8-4268-A67C-A2C674B4742D}.Memento|ARM.Build.0 = Release|ARM
		{0204A4E7-F1B8-4268-A67C-A2C674B4742D}.Memento|ARM.Deploy.0 = Release|ARM
		{0204A4E7-F1B8-4268-A67C-A2C674B4742D}.Memento|Mixed Platforms.ActiveCfg = Release|Win32
		{0204A4E7-F1B8-4268-A67C-A2C674B4742D}.Memento|Mixed Platforms.Build.0 = Release|Win32
		{0204A4E7-F1B8-4268-A67C-A2C674B4742D}.Memento|Mixed Platforms.Deploy.0 = Release|Win32
		{0204A4E7-F1B8-4268-A67C-A2C674B4742D}.Memento|Win32.ActiveCfg = Release|Win32
		{0204A4E7-F1B8-4268-A67C-A2C674B4742D}.Memento|Win32.Build.0 = Release|Win32
		{0204A4E7-F1B8-4268-A67C-A2C674B4742D}.Memento|Win32.Deploy.0 = Release|Win32
		{0204A4E7-F1B8-4268-A67C-A2C674B4742D}.Memento|x64.ActiveCfg = Release|x64
		{0204A4E7-F1B8-4268-A67C-A2C674B4742D}.Memento|x64.Build.0 = Release|x64
		{0204A4E7-F1B8-4268-A67C-A2C674B4742D}.Memento|x64.Deploy.0 = Release|x64
		{0204A4E7-F1B8-4268-A67C-A2C674B4742D}.Memento|x86.ActiveCfg = Release|Win32
		{0204A4E7-F1B8-4268-A67C-A2C674B4742D}.Memento|x86.Build.0 = Release|Win32
		{0204A4E7-F1B8-4268-A67C-A2C674B4742D}.Memento|x86.Deploy.0 = Release|Win32
		{0204A4E7-F1B8-4268-A67C-A2C674B4742D}.Profile|Any CPU.ActiveCfg = Release|x64
		{0204A4E7-F1B8-4268-A67C-A2C674B4742D}.Profile|Any CPU.Build.0 = Release|x64
		{0204A4E7-F1B8-4268-A67C-A2C674B4742D}.Profile|Any CPU.Deploy.0 = Release|x64
		{0204A4E7-F1B8-4268-A67C-A2C674B4742D}.Profile|ARM.ActiveCfg = Release|ARM
		{0204A4E7-F1B8-4268-A67C-A2C674B4742D}.Profile|ARM.Build.0 = Release|ARM
		{0204A4E7-F1B8-4268-A67C-A2C674B4742D}.Profile|ARM.Deploy.0 = Release|ARM
		{0204A4E7-F1B8-4268-A67C-A2C674B4742D}.Profile|Mixed Platforms.ActiveCfg = Release|Win32
		{0204A4E7-F1B8-4268-A67C-A2C674B4742D}.Profile|Mixed Platforms.Build.0 = Release|Win32
		{0204A4E7-F1B8-4268-A67C-A2C674B4742D}.Profile|Mixed Platforms.Deploy.0 = Release|Win32
		{0204A4E7-F1B8-4268-A67C-A2C674B4742D}.Profile|Win32.ActiveCfg = Release|Win32
		{0204A4E7-F1B8-4268-A67C-A2C674B4742D}.Profile|Win32.Build.0 = Release|Win32
		{0204A4E7-F1B8-4268-A67C-A2C674B4742D}.Profile|Win32.Deploy.0 = Release|Win32
		{0204A4E7-F1B8-4268-A67C-A2C674B4742D}.Profile|x64.ActiveCfg = Release|x64
		{0204A4E7-F1B8-4268-A67C-A2C674B4742D}.Profile|x64.Build.0 = Release|x64
		{0204A4E7-F1B8-4268-A67C-A2C674B4742D}.Profile|x64.Deploy.0 = Release|x64
		{0204A4E7-F1B8-4268-A67C-A2C674B4742D}.Profile|x86.ActiveCfg = Release|Win32
		{0204A4E7-F1B8-4268-A67C-A2C674B4742D}.Profile|x86.Build.0 = Release|Win32
		{0204A4E7-F1B8-4268-A67C-A2C674B4742D}.Profile|x86.Deploy.0 = Release|Win32
		{0204A4E7-F1B8-4268-A67C-A2C674B4742D}.Release|Any CPU.ActiveCfg = Release|Win32
		{0204A4E7-F1B8-4268-A67C-A2C674B4742D}.Release|ARM.ActiveCfg = Release|ARM
		{0204A4E7-F1B8-4268-A67C-A2C674B4742D}.Release|ARM.Build.0 = Release|ARM
		{0204A4E7-F1B8-4268-A67C-A2C674B4742D}.Release|ARM.Deploy.0 = Release|ARM
		{0204A4E7-F1B8-4268-A67C-A2C674B4742D}.Release|Mixed Platforms.ActiveCfg = Release|Win32
		{0204A4E7-F1B8-4268-A67C-A2C674B4742D}.Release|Mixed Platforms.Build.0 = Release|Win32
		{0204A4E7-F1B8-4268-A67C-A2C674B4742D}.Release|Mixed Platforms.Deploy.0 = Release|Win32
		{0204A4E7-F1B8-4268-A67C-A2C674B4742D}.Release|Win32.ActiveCfg = Release|Win32
		{0204A4E7-F1B8-4268-A67C-A2C674B4742D}.Release|Win32.Build.0 = Release|Win32
		{0204A4E7-F1B8-4268-A67C-A2C674B4742D}.Release|Win32.Deploy.0 = Release|Win32
		{0204A4E7-F1B8-4268-A67C-A2C674B4742D}.Release|x64.ActiveCfg = Release|x64
		{0204A4E7-F1B8-4268-A67C-A2C674B4742D}.Release|x64.Build.0 = Release|x64
		{0204A4E7-F1B8-4268-A67C-A2C674B4742D}.Release|x64.Deploy.0 = Release|x64
		{0204A4E7-F1B8-4268-A67C-A2C674B4742D}.Release|x86.ActiveCfg = Release|Win32
		{0204A4E7-F1B8-4268-A67C-A2C674B4742D}.Release|x86.Build.0 = Release|Win32
		{0204A4E7-F1B8-4268-A67C-A2C674B4742D}.Release|x86.Deploy.0 = Release|Win32
		{0204A4E7-F1B8-4268-A67C-A2C674B4742D}.Release-contrib|Any CPU.ActiveCfg = Release|x64
		{0204A4E7-F1B8-4268-A67C-A2C674B4742D}.Release-contrib|Any CPU.Build.0 = Release|x64
		{0204A4E7-F1B8-4268-A67C-A2C674B4742D}.Release-contrib|Any CPU.Deploy.0 = Release|x64
		{0204A4E7-F1B8-4268-A67C-A2C674B4742D}.Release-contrib|ARM.ActiveCfg = Release|ARM
		{0204A4E7-F1B8-4268-A67C-A2C674B4742D}.Release-contrib|ARM.Build.0 = Release|ARM
		{0204A4E7-F1B8-4268-A67C-A2C674B4742D}.Release-contrib|ARM.Deploy.0 = Release|ARM
		{0204A4E7-F1B8-4268-A67C-A2C674B4742D}.Release-contrib|Mixed Platforms.ActiveCfg = Release|Win32
		{0204A4E7-F1B8-4268-A67C-A2C674B4742D}.Release-contrib|Mixed Platforms.Build.0 = Release|Win32
		{0204A4E7-F1B8-4268-A67C-A2C674B4742D}.Release-contrib|Mixed Platforms.Deploy.0 = Release|Win32
		{0204A4E7-F1B8-4268-A67C-A2C674B4742D}.Release-contrib|Win32.ActiveCfg = Release|Win32
		{0204A4E7-F1B8-4268-A67C-A2C674B4742D}.Release-contrib|Win32.Build.0 = Release|Win32
		{0204A4E7-F1B8-4268-A67C-A2C674B4742D}.Release-contrib|Win32.Deploy.0 = Release|Win32
		{0204A4E7-F1B8-4268-A67C-A2C674B4742D}.Release-contrib|x64.ActiveCfg = Release|x64
		{0204A4E7-F1B8-4268-A67C-A2C674B4742D}.Release-contrib|x64.Build.0 = Release|x64
		{0204A4E7-F1B8-4268-A67C-A2C674B4742D}.Release-contrib|x64.Deploy.0 = Release|x64
		{0204A4E7-F1B8-4268-A67C-A2C674B4742D}.Release-contrib|x86.ActiveCfg = Release|Win32
		{0204A4E7-F1B8-4268-A67C-A2C674B4742D}.Release-contrib|x86.Build.0 = Release|Win32
		{0204A4E7-F1B8-4268-A67C-A2C674B4742D}.Release-contrib|x86.Deploy.0 = Release|Win32
		{0204A4E7-F1B8-4268-A67C-A2C674B4742D}.ReleaseOpenssl|Any CPU.ActiveCfg = Release|x64
		{0204A4E7-F1B8-4268-A67C-A2C674B4742D}.ReleaseOpenssl|Any CPU.Build.0 = Release|x64
		{0204A4E7-F1B8-4268-A67C-A2C674B4742D}.ReleaseOpenssl|Any CPU.Deploy.0 = Release|x64
		{0204A4E7-F1B8-4268-A67C-A2C674B4742D}.ReleaseOpenssl|ARM.ActiveCfg = Release|ARM
		{0204A4E7-F1B8-4268-A67C-A2C674B4742D}.ReleaseOpenssl|ARM.Build.0 = Release|ARM
		{0204A4E7-F1B8-4268-A67C-A2C674B4742D}.ReleaseOpenssl|ARM.Deploy.0 = Release|ARM
		{0204A4E7-F1B8-4268-A67C-A2C674B4742D}.ReleaseOpenssl|Mixed Platforms.ActiveCfg = Release|Win32
		{0204A4E7-F1B8-4268-A67C-A2C674B4742D}.ReleaseOpenssl|Mixed Platforms.Build.0 = Release|Win32
		{0204A4E7-F1B8-4268-A67C-A2C674B4742D}.ReleaseOpenssl|Mixed Platforms.Deploy.0 = Release|Win32
		{0204A4E7-F1B8-4268-A67C-A2C674B4742D}.ReleaseOpenssl|Win32.ActiveCfg = Release|Win32
		{0204A4E7-F1B8-4268-A67C-A2C674B4742D}.ReleaseOpenssl|Win32.Build.0 = Release|Win32
		{0204A4E7-F1B8-4268-A67C-A2C674B4742D}.ReleaseOpenssl|Win32.Deploy.0 = Release|Win32
		{0204A4E7-F1B8-4268-A67C-A2C674B4742D}.ReleaseOpenssl|x64.ActiveCfg = Release|x64
		{0204A4E7-F1B8-4268-A67C-A2C674B4742D}.ReleaseOpenssl|x64.Build.0 = Release|x64
		{0204A4E7-F1B8-4268-A67C-A2C674B4742D}.ReleaseOpenssl|x64.Deploy.0 = Release|x64
		{0204A4E7-F1B8-4268-A67C-A2C674B4742D}.ReleaseOpenssl|x86.ActiveCfg = Release|Win32
		{0204A4E7-F1B8-4268-A67C-A2C674B4742D}.ReleaseOpenssl|x86.Build.0 = Release|Win32
		{0204A4E7-F1B8-4268-A67C-A2C674B4742D}.ReleaseOpenssl|x86.Deploy.0 = Release|Win32
		{0204A4E7-F1B8-4268-A67C-A2C674B4742D}.SingleImage|Any CPU.ActiveCfg = Release|x64
		{0204A4E7-F1B8-4268-A67C-A2C674B4742D}.SingleImage|Any CPU.Build.0 = Release|x64
		{0204A4E7-F1B8-4268-A67C-A2C674B4742D}.SingleImage|Any CPU.Deploy.0 = Release|x64
		{0204A4E7-F1B8-4268-A67C-A2C674B4742D}.SingleImage|ARM.ActiveCfg = Release|ARM
		{0204A4E7-F1B8-4268-A67C-A2C674B4742D}.SingleImage|ARM.Build.0 = Release|ARM
		{0204A4E7-F1B8-4268-A67C-A2C674B4742D}.SingleImage|ARM.Deploy.0 = Release|ARM
		{0204A4E7-F1B8-4268-A67C-A2C674B4742D}.SingleImage|Mixed Platforms.ActiveCfg = Release|Win32
		{0204A4E7-F1B8-4268-A67C-A2C674B4742D}.SingleImage|Mixed Platforms.Build.0 = Release|Win32
		{0204A4E7-F1B8-4268-A67C-A2C674B4742D}.SingleImage|Mixed Platforms.Deploy.0 = Release|Win32
		{0204A4E7-F1B8-4268-A67C-A2C674B4742D}.SingleImage|Win32.ActiveCfg = Release|Win32
		{0204A4E7-F1B8-4268-A67C-A2C674B4742D}.SingleImage|Win32.Build.0 = Release|Win32
		{0204A4E7-F1B8-4268-A67C-A2C674B4742D}.SingleImage|Win32.Deploy.0 = Release|Win32
		{0204A4E7-F1B8-4268-A67C-A2C674B4742D}.SingleImage|x64.ActiveCfg = Release|x64
		{0204A4E7-F1B8-4268-A67C-A2C674B4742D}.SingleImage|x64.Build.0 = Release|x64
		{0204A4E7-F1B8-4268-A67C-A2C674B4742D}.SingleImage|x64.Deploy.0 = Release|x64
		{0204A4E7-F1B8-4268-A67C-A2C674B4742D}.SingleImage|x86.ActiveCfg = Release|Win32
		{0204A4E7-F1B8-4268-A67C-A2C674B4742D}.SingleImage|x86.Build.0 = Release|Win32
		{0204A4E7-F1B8-4268-A67C-A2C674B4742D}.SingleImage|x86.Deploy.0 = Release|Win32
	EndGlobalSection
	GlobalSection(SolutionProperties) = preSolution
		HideSolutionNode = FALSE
	EndGlobalSection
EndGlobal
